
Microsoft Visual Studio Solution File, Format Version 10.00
# Visual Studio 2008
Project("{FAE04EC0-301F-11D3-BF4B-00C04F79EFBC}") = "HelloWorld", "HelloWorld\HelloWorld.csproj", "{42232B20-64D2-4D7E-9865-735A7D6302ED}"
EndProject
Project("{FAE04EC0-301F-11D3-BF4B-00C04F79EFBC}") = "WebService_Simple", "WebService_Simple\WebService_Simple.csproj", "{B5C27CCC-972D-4E0F-8B86-F3F5761370D6}"
EndProject
Global
	GlobalSection(SolutionConfigurationPlatforms) = preSolution
		Debug|Any CPU = Debug|Any CPU
		Release|Any CPU = Release|Any CPU
	EndGlobalSection
	GlobalSection(ProjectConfigurationPlatforms) = postSolution
		{42232B20-64D2-4D7E-9865-735A7D6302ED}.Debug|Any CPU.ActiveCfg = Debug|Any CPU
		{42232B20-64D2-4D7E-9865-735A7D6302ED}.Debug|Any CPU.Build.0 = Debug|Any CPU
		{42232B20-64D2-4D7E-9865-735A7D6302ED}.Release|Any CPU.ActiveCfg = Release|Any CPU
		{42232B20-64D2-4D7E-9865-735A7D6302ED}.Release|Any CPU.Build.0 = Release|Any CPU
		{B5C27CCC-972D-4E0F-8B86-F3F5761370D6}.Debug|Any CPU.ActiveCfg = Debug|Any CPU
		{B5C27CCC-972D-4E0F-8B86-F3F5761370D6}.Debug|Any CPU.Build.0 = Debug|Any CPU
		{B5C27CCC-972D-4E0F-8B86-F3F5761370D6}.Release|Any CPU.ActiveCfg = Release|Any CPU
		{B5C27CCC-972D-4E0F-8B86-F3F5761370D6}.Release|Any CPU.Build.0 = Release|Any CPU
	EndGlobalSection
	GlobalSection(SolutionProperties) = preSolution
		HideSolutionNode = FALSE
	EndGlobalSection
EndGlobal
