
Microsoft Visual Studio Solution File, Format Version 11.00
# Visual Studio 2010
Project("{FAE04EC0-301F-11D3-BF4B-00C04F79EFBC}") = "CoreTests", "CoreTests\CoreTests.csproj", "{0CE96B09-C11D-4181-9D69-8B3AD2BA147C}"
EndProject
Project("{FAE04EC0-301F-11D3-BF4B-00C04F79EFBC}") = "SharpKit.Testing", "SharpKit.Testing\SharpKit.Testing.csproj", "{387F1800-A514-4F29-B5CF-A723BC61E09F}"
EndProject
Project("{FAE04EC0-301F-11D3-BF4B-00C04F79EFBC}") = "skt", "skt\skt.csproj", "{B0567C5D-57E9-4D3F-8E0C-CECABF1DF805}"
EndProject
Project("{FAE04EC0-301F-11D3-BF4B-00C04F79EFBC}") = "NoClrTests", "NoClrTests\NoClrTests.csproj", "{82CA561E-89B5-4D06-AAD6-6FB4E8AD949F}"
EndProject
Global
	GlobalSection(SubversionScc) = preSolution
		Svn-Managed = True
		Manager = AnkhSVN - Subversion Support for Visual Studio
	EndGlobalSection
	GlobalSection(SolutionConfigurationPlatforms) = preSolution
		Debug|Any CPU = Debug|Any CPU
		Debug|Mixed Platforms = Debug|Mixed Platforms
		Debug|x86 = Debug|x86
		Release|Any CPU = Release|Any CPU
		Release|Mixed Platforms = Release|Mixed Platforms
		Release|x86 = Release|x86
	EndGlobalSection
	GlobalSection(ProjectConfigurationPlatforms) = postSolution
		{0CE96B09-C11D-4181-9D69-8B3AD2BA147C}.Debug|Any CPU.ActiveCfg = Debug|Any CPU
		{0CE96B09-C11D-4181-9D69-8B3AD2BA147C}.Debug|Any CPU.Build.0 = Debug|Any CPU
		{0CE96B09-C11D-4181-9D69-8B3AD2BA147C}.Debug|Mixed Platforms.ActiveCfg = Debug|Any CPU
		{0CE96B09-C11D-4181-9D69-8B3AD2BA147C}.Debug|Mixed Platforms.Build.0 = Debug|Any CPU
		{0CE96B09-C11D-4181-9D69-8B3AD2BA147C}.Debug|x86.ActiveCfg = Debug|Any CPU
		{0CE96B09-C11D-4181-9D69-8B3AD2BA147C}.Release|Any CPU.ActiveCfg = Release|Any CPU
		{0CE96B09-C11D-4181-9D69-8B3AD2BA147C}.Release|Any CPU.Build.0 = Release|Any CPU
		{0CE96B09-C11D-4181-9D69-8B3AD2BA147C}.Release|Mixed Platforms.ActiveCfg = Release|Any CPU
		{0CE96B09-C11D-4181-9D69-8B3AD2BA147C}.Release|Mixed Platforms.Build.0 = Release|Any CPU
		{0CE96B09-C11D-4181-9D69-8B3AD2BA147C}.Release|x86.ActiveCfg = Release|Any CPU
		{387F1800-A514-4F29-B5CF-A723BC61E09F}.Debug|Any CPU.ActiveCfg = Debug|Any CPU
		{387F1800-A514-4F29-B5CF-A723BC61E09F}.Debug|Any CPU.Build.0 = Debug|Any CPU
		{387F1800-A514-4F29-B5CF-A723BC61E09F}.Debug|Mixed Platforms.ActiveCfg = Debug|Any CPU
		{387F1800-A514-4F29-B5CF-A723BC61E09F}.Debug|Mixed Platforms.Build.0 = Debug|Any CPU
		{387F1800-A514-4F29-B5CF-A723BC61E09F}.Debug|x86.ActiveCfg = Debug|Any CPU
		{387F1800-A514-4F29-B5CF-A723BC61E09F}.Release|Any CPU.ActiveCfg = Release|Any CPU
		{387F1800-A514-4F29-B5CF-A723BC61E09F}.Release|Any CPU.Build.0 = Release|Any CPU
		{387F1800-A514-4F29-B5CF-A723BC61E09F}.Release|Mixed Platforms.ActiveCfg = Release|Any CPU
		{387F1800-A514-4F29-B5CF-A723BC61E09F}.Release|Mixed Platforms.Build.0 = Release|Any CPU
		{387F1800-A514-4F29-B5CF-A723BC61E09F}.Release|x86.ActiveCfg = Release|Any CPU
		{B0567C5D-57E9-4D3F-8E0C-CECABF1DF805}.Debug|Any CPU.ActiveCfg = Debug|x86
		{B0567C5D-57E9-4D3F-8E0C-CECABF1DF805}.Debug|Mixed Platforms.ActiveCfg = Debug|x86
		{B0567C5D-57E9-4D3F-8E0C-CECABF1DF805}.Debug|Mixed Platforms.Build.0 = Debug|x86
		{B0567C5D-57E9-4D3F-8E0C-CECABF1DF805}.Debug|x86.ActiveCfg = Debug|x86
		{B0567C5D-57E9-4D3F-8E0C-CECABF1DF805}.Debug|x86.Build.0 = Debug|x86
		{B0567C5D-57E9-4D3F-8E0C-CECABF1DF805}.Release|Any CPU.ActiveCfg = Release|x86
		{B0567C5D-57E9-4D3F-8E0C-CECABF1DF805}.Release|Mixed Platforms.ActiveCfg = Release|x86
		{B0567C5D-57E9-4D3F-8E0C-CECABF1DF805}.Release|Mixed Platforms.Build.0 = Release|x86
		{B0567C5D-57E9-4D3F-8E0C-CECABF1DF805}.Release|x86.ActiveCfg = Release|x86
		{B0567C5D-57E9-4D3F-8E0C-CECABF1DF805}.Release|x86.Build.0 = Release|x86
		{82CA561E-89B5-4D06-AAD6-6FB4E8AD949F}.Debug|Any CPU.ActiveCfg = Debug|Any CPU
		{82CA561E-89B5-4D06-AAD6-6FB4E8AD949F}.Debug|Any CPU.Build.0 = Debug|Any CPU
		{82CA561E-89B5-4D06-AAD6-6FB4E8AD949F}.Debug|Mixed Platforms.ActiveCfg = Debug|Any CPU
		{82CA561E-89B5-4D06-AAD6-6FB4E8AD949F}.Debug|Mixed Platforms.Build.0 = Debug|Any CPU
		{82CA561E-89B5-4D06-AAD6-6FB4E8AD949F}.Debug|x86.ActiveCfg = Debug|Any CPU
		{82CA561E-89B5-4D06-AAD6-6FB4E8AD949F}.Release|Any CPU.ActiveCfg = Release|Any CPU
		{82CA561E-89B5-4D06-AAD6-6FB4E8AD949F}.Release|Any CPU.Build.0 = Release|Any CPU
		{82CA561E-89B5-4D06-AAD6-6FB4E8AD949F}.Release|Mixed Platforms.ActiveCfg = Release|Any CPU
		{82CA561E-89B5-4D06-AAD6-6FB4E8AD949F}.Release|Mixed Platforms.Build.0 = Release|Any CPU
		{82CA561E-89B5-4D06-AAD6-6FB4E8AD949F}.Release|x86.ActiveCfg = Release|Any CPU
	EndGlobalSection
	GlobalSection(SolutionProperties) = preSolution
		HideSolutionNode = FALSE
	EndGlobalSection
EndGlobal
