
Microsoft Visual Studio Solution File, Format Version 11.00
# Visual Studio 2010
Project("{FAE04EC0-301F-11D3-BF4B-00C04F79EFBC}") = "SharpKit_SDK", "SharpKit_SDK\SharpKit_SDK.csproj", "{14D06C2F-6A7E-40BF-A29B-BD987FE5B13A}"
EndProject
Project("{FAE04EC0-301F-11D3-BF4B-00C04F79EFBC}") = "SharpKit.ExtJs-3.3.1", "SharpKit.ExtJs-3.3.1\SharpKit.ExtJs-3.3.1.csproj", "{AE8C0D6B-0A82-493F-8684-0DB9D3412AFD}"
EndProject
Project("{FAE04EC0-301F-11D3-BF4B-00C04F79EFBC}") = "SharpKit.JsClr", "SharpKit.JsClr\SharpKit.JsClr.csproj", "{7170C3A4-CD48-4D99-8048-E04AFA8BCA99}"
EndProject
Project("{FAE04EC0-301F-11D3-BF4B-00C04F79EFBC}") = "SharpKit.JavaScript", "SharpKit.JavaScript\SharpKit.JavaScript.csproj", "{5A90FAC8-67DA-4823-B114-91F5A26B2FE9}"
EndProject
Project("{FAE04EC0-301F-11D3-BF4B-00C04F79EFBC}") = "SharpKit.Html4", "SharpKit.Html4\SharpKit.Html4.csproj", "{AA74777B-DB40-4DCF-A69A-9DE5A6B2C380}"
EndProject
Project("{FAE04EC0-301F-11D3-BF4B-00C04F79EFBC}") = "SharpKit.jQuery", "SharpKit.jQuery\SharpKit.jQuery.csproj", "{872605DE-E8EC-4D3D-8CEE-A62449A8DAEB}"
EndProject
Project("{FAE04EC0-301F-11D3-BF4B-00C04F79EFBC}") = "SharpKit.AspNetAjax", "SharpKit.AspNetAjax\SharpKit.AspNetAjax.csproj", "{35DC6D7D-5A1B-40D4-92C0-E52DE2EB43ED}"
EndProject
Project("{FAE04EC0-301F-11D3-BF4B-00C04F79EFBC}") = "SharpKit.ExtJs-3.1.0", "SharpKit.ExtJs-3.1.0\SharpKit.ExtJs-3.1.0.csproj", "{2AE12569-FBE9-4249-AEB4-496D1F96FFBA}"
EndProject
Project("{FAE04EC0-301F-11D3-BF4B-00C04F79EFBC}") = "SharpKit.jQTouch", "SharpKit.jQTouch\SharpKit.jQTouch.csproj", "{9B1753AB-A527-47DD-A483-ADD70DE8651E}"
EndProject
Project("{FAE04EC0-301F-11D3-BF4B-00C04F79EFBC}") = "SharpKit.Html5", "SharpKit.Html5\SharpKit.Html5.csproj", "{ADCA3C62-FC3C-47D8-819C-123E1158ABC8}"
EndProject
Project("{FAE04EC0-301F-11D3-BF4B-00C04F79EFBC}") = "SharpKit.jQuery-1.5.2", "SharpKit.jQuery-1.5.2\SharpKit.jQuery-1.5.2.csproj", "{496A42F8-9AFF-48F0-BEDD-7B302BF9A9A0}"
EndProject
Project("{FAE04EC0-301F-11D3-BF4B-00C04F79EFBC}") = "SharpKit.jQueryUI-1.8.11", "SharpKit.jQueryUI-1.8.11\SharpKit.jQueryUI-1.8.11.csproj", "{A1DE343D-3DB9-4834-8323-CBB36D7DED48}"
EndProject
Project("{2150E333-8FDC-42A3-9474-1A3956D46DE8}") = "Microsoft", "Microsoft", "{AA1BD5B2-9FE3-4DA2-81E7-8D55B2792987}"
EndProject
Project("{2150E333-8FDC-42A3-9474-1A3956D46DE8}") = "Sencha", "Sencha", "{784BBD3F-6D5B-4A2E-A51C-15F8E5599403}"
EndProject
Project("{2150E333-8FDC-42A3-9474-1A3956D46DE8}") = "Html", "Html", "{00B71120-0C6B-49B4-8790-4D2E94798E45}"
EndProject
Project("{2150E333-8FDC-42A3-9474-1A3956D46DE8}") = "jQuery", "jQuery", "{2B99DEF9-8D8A-4409-A0F0-E57FB5F38060}"
EndProject
Project("{2150E333-8FDC-42A3-9474-1A3956D46DE8}") = "JavaScript", "JavaScript", "{3D92915D-EDA8-4B77-BE52-4BC2F18673C9}"
EndProject
Project("{2150E333-8FDC-42A3-9474-1A3956D46DE8}") = "JsClr", "JsClr", "{E3A371D2-E3B3-4D47-AF2A-E003E7EC9A89}"
EndProject
Project("{FAE04EC0-301F-11D3-BF4B-00C04F79EFBC}") = "SharpKit.FireFox.Firebug", "SharpKit.FireFox.Firebug\SharpKit.FireFox.Firebug.csproj", "{6312B4CD-D416-4493-8850-28D6FE3D6AFB}"
EndProject
Project("{FAE04EC0-301F-11D3-BF4B-00C04F79EFBC}") = "SharpKit.jQueryUI.ControlsGenerator", "SharpKit.jQueryUI.ControlsGenerator\SharpKit.jQueryUI.ControlsGenerator.csproj", "{A1F2FDC1-1E72-4096-B18E-FD5CE8316D73}"
EndProject
Project("{FAE04EC0-301F-11D3-BF4B-00C04F79EFBC}") = "SharpKit.jQueryUI.Controls", "SharpKit.jQueryUI.Controls\SharpKit.jQueryUI.Controls.csproj", "{404DD50D-53EF-4680-B437-05D56736E2A8}"
EndProject
Project("{2150E333-8FDC-42A3-9474-1A3956D46DE8}") = "jQuery UI Controls", "jQuery UI Controls", "{255FDDA2-8658-437B-9427-F0717D14FDBA}"
EndProject
Project("{FAE04EC0-301F-11D3-BF4B-00C04F79EFBC}") = "SharpKit.ExtJs-4.0.2", "SharpKit.ExtJs-4.0.2\SharpKit.ExtJs-4.0.2.csproj", "{6C986D10-2188-463B-BBD2-F0BB290F6780}"
EndProject
Project("{FAE04EC0-301F-11D3-BF4B-00C04F79EFBC}") = "SharpKit.W3C.DOM", "SharpKit.W3C.DOM\SharpKit.W3C.DOM.csproj", "{24586114-6564-468F-9D51-98360DFE1465}"
EndProject
Project("{FAE04EC0-301F-11D3-BF4B-00C04F79EFBC}") = "SharpKit.jQueryMobile-1.0b1", "SharpKit.jQueryMobile-1.0b1\SharpKit.jQueryMobile-1.0b1.csproj", "{23E5F7FB-D23B-4218-9059-E4454D48B9EF}"
EndProject
Project("{FAE04EC0-301F-11D3-BF4B-00C04F79EFBC}") = "SharpKit.JsClr-4.1.0", "SharpKit.JsClr-4.1.0\SharpKit.JsClr-4.1.0.csproj", "{5A8E9E1F-CE3B-4AA6-8803-62DDE2488014}"
EndProject
Project("{FAE04EC0-301F-11D3-BF4B-00C04F79EFBC}") = "SharpKit.W3C.DOM.Samples", "SharpKit.W3C.DOM.Samples\SharpKit.W3C.DOM.Samples.csproj", "{C49DE766-9028-4DC8-AB52-65507C87C079}"
EndProject
Project("{FAE04EC0-301F-11D3-BF4B-00C04F79EFBC}") = "SharpKit.KnockoutJs-1.2.1", "SharpKit.KnockoutJs-1.2.1\SharpKit.KnockoutJs-1.2.1.csproj", "{1D583CF5-0C12-4CB3-AD8C-E7922E1A1486}"
EndProject
Project("{FAE04EC0-301F-11D3-BF4B-00C04F79EFBC}") = "SharpKit.SenchaTouch-1.1.0", "SharpKit.SenchaTouch-1.1.0\SharpKit.SenchaTouch-1.1.0.csproj", "{5D654D2A-EFC8-4106-BF1C-7B674F841A5A}"
EndProject
Project("{FAE04EC0-301F-11D3-BF4B-00C04F79EFBC}") = "SharpKit.SenchaTouch-2.0.0", "SharpKit.SenchaTouch-2.0.0\SharpKit.SenchaTouch-2.0.0.csproj", "{F98346E7-9E57-4732-8CBC-393E57DE8B13}"
EndProject
Project("{FAE04EC0-301F-11D3-BF4B-00C04F79EFBC}") = "SharpKit.jQuery-1.6.4", "SharpKit.jQuery-1.6.4\SharpKit.jQuery-1.6.4.csproj", "{EFB868E8-9EE3-4743-8F3E-3A646BCB6D2E}"
EndProject
Global
	GlobalSection(SubversionScc) = preSolution
		Svn-Managed = True
		Manager = AnkhSVN - Subversion Support for Visual Studio
	EndGlobalSection
	GlobalSection(SolutionConfigurationPlatforms) = preSolution
		Debug|Any CPU = Debug|Any CPU
		Debug|Mixed Platforms = Debug|Mixed Platforms
		Debug|x86 = Debug|x86
		Release|Any CPU = Release|Any CPU
		Release|Mixed Platforms = Release|Mixed Platforms
		Release|x86 = Release|x86
		v3.5|Any CPU = v3.5|Any CPU
		v3.5|Mixed Platforms = v3.5|Mixed Platforms
		v3.5|x86 = v3.5|x86
		v4.0|Any CPU = v4.0|Any CPU
		v4.0|Mixed Platforms = v4.0|Mixed Platforms
		v4.0|x86 = v4.0|x86
	EndGlobalSection
	GlobalSection(ProjectConfigurationPlatforms) = postSolution
		{14D06C2F-6A7E-40BF-A29B-BD987FE5B13A}.Debug|Any CPU.ActiveCfg = v4.0|Any CPU
		{14D06C2F-6A7E-40BF-A29B-BD987FE5B13A}.Debug|Any CPU.Build.0 = v4.0|Any CPU
		{14D06C2F-6A7E-40BF-A29B-BD987FE5B13A}.Debug|Mixed Platforms.ActiveCfg = v4.0|Any CPU
		{14D06C2F-6A7E-40BF-A29B-BD987FE5B13A}.Debug|Mixed Platforms.Build.0 = v4.0|Any CPU
		{14D06C2F-6A7E-40BF-A29B-BD987FE5B13A}.Debug|x86.ActiveCfg = v4.0|Any CPU
		{14D06C2F-6A7E-40BF-A29B-BD987FE5B13A}.Release|Any CPU.ActiveCfg = v4.0|Any CPU
		{14D06C2F-6A7E-40BF-A29B-BD987FE5B13A}.Release|Any CPU.Build.0 = v4.0|Any CPU
		{14D06C2F-6A7E-40BF-A29B-BD987FE5B13A}.Release|Mixed Platforms.ActiveCfg = v4.0|Any CPU
		{14D06C2F-6A7E-40BF-A29B-BD987FE5B13A}.Release|Mixed Platforms.Build.0 = v4.0|Any CPU
		{14D06C2F-6A7E-40BF-A29B-BD987FE5B13A}.Release|x86.ActiveCfg = v4.0|Any CPU
		{14D06C2F-6A7E-40BF-A29B-BD987FE5B13A}.v3.5|Any CPU.ActiveCfg = v3.5|Any CPU
		{14D06C2F-6A7E-40BF-A29B-BD987FE5B13A}.v3.5|Any CPU.Build.0 = v3.5|Any CPU
		{14D06C2F-6A7E-40BF-A29B-BD987FE5B13A}.v3.5|Mixed Platforms.ActiveCfg = v3.5|Any CPU
		{14D06C2F-6A7E-40BF-A29B-BD987FE5B13A}.v3.5|Mixed Platforms.Build.0 = v3.5|Any CPU
		{14D06C2F-6A7E-40BF-A29B-BD987FE5B13A}.v3.5|x86.ActiveCfg = v3.5|Any CPU
		{14D06C2F-6A7E-40BF-A29B-BD987FE5B13A}.v4.0|Any CPU.ActiveCfg = v4.0|Any CPU
		{14D06C2F-6A7E-40BF-A29B-BD987FE5B13A}.v4.0|Any CPU.Build.0 = v4.0|Any CPU
		{14D06C2F-6A7E-40BF-A29B-BD987FE5B13A}.v4.0|Mixed Platforms.ActiveCfg = v4.0|Any CPU
		{14D06C2F-6A7E-40BF-A29B-BD987FE5B13A}.v4.0|Mixed Platforms.Build.0 = v4.0|Any CPU
		{14D06C2F-6A7E-40BF-A29B-BD987FE5B13A}.v4.0|x86.ActiveCfg = v4.0|Any CPU
		{AE8C0D6B-0A82-493F-8684-0DB9D3412AFD}.Debug|Any CPU.ActiveCfg = v4.0|Any CPU
		{AE8C0D6B-0A82-493F-8684-0DB9D3412AFD}.Debug|Any CPU.Build.0 = v4.0|Any CPU
		{AE8C0D6B-0A82-493F-8684-0DB9D3412AFD}.Debug|Mixed Platforms.ActiveCfg = v4.0|Any CPU
		{AE8C0D6B-0A82-493F-8684-0DB9D3412AFD}.Debug|Mixed Platforms.Build.0 = v4.0|Any CPU
		{AE8C0D6B-0A82-493F-8684-0DB9D3412AFD}.Debug|x86.ActiveCfg = v4.0|Any CPU
		{AE8C0D6B-0A82-493F-8684-0DB9D3412AFD}.Release|Any CPU.ActiveCfg = v4.0|Any CPU
		{AE8C0D6B-0A82-493F-8684-0DB9D3412AFD}.Release|Any CPU.Build.0 = v4.0|Any CPU
		{AE8C0D6B-0A82-493F-8684-0DB9D3412AFD}.Release|Mixed Platforms.ActiveCfg = v4.0|Any CPU
		{AE8C0D6B-0A82-493F-8684-0DB9D3412AFD}.Release|Mixed Platforms.Build.0 = v4.0|Any CPU
		{AE8C0D6B-0A82-493F-8684-0DB9D3412AFD}.Release|x86.ActiveCfg = v4.0|Any CPU
		{AE8C0D6B-0A82-493F-8684-0DB9D3412AFD}.v3.5|Any CPU.ActiveCfg = v3.5|Any CPU
		{AE8C0D6B-0A82-493F-8684-0DB9D3412AFD}.v3.5|Mixed Platforms.ActiveCfg = v3.5|Any CPU
		{AE8C0D6B-0A82-493F-8684-0DB9D3412AFD}.v3.5|Mixed Platforms.Build.0 = v3.5|Any CPU
		{AE8C0D6B-0A82-493F-8684-0DB9D3412AFD}.v3.5|x86.ActiveCfg = v3.5|Any CPU
		{AE8C0D6B-0A82-493F-8684-0DB9D3412AFD}.v4.0|Any CPU.ActiveCfg = v4.0|Any CPU
		{AE8C0D6B-0A82-493F-8684-0DB9D3412AFD}.v4.0|Mixed Platforms.ActiveCfg = v4.0|Any CPU
		{AE8C0D6B-0A82-493F-8684-0DB9D3412AFD}.v4.0|Mixed Platforms.Build.0 = v4.0|Any CPU
		{AE8C0D6B-0A82-493F-8684-0DB9D3412AFD}.v4.0|x86.ActiveCfg = v4.0|Any CPU
		{7170C3A4-CD48-4D99-8048-E04AFA8BCA99}.Debug|Any CPU.ActiveCfg = v4.0|Any CPU
		{7170C3A4-CD48-4D99-8048-E04AFA8BCA99}.Debug|Any CPU.Build.0 = v4.0|Any CPU
		{7170C3A4-CD48-4D99-8048-E04AFA8BCA99}.Debug|Mixed Platforms.ActiveCfg = v4.0|Any CPU
		{7170C3A4-CD48-4D99-8048-E04AFA8BCA99}.Debug|Mixed Platforms.Build.0 = v4.0|Any CPU
		{7170C3A4-CD48-4D99-8048-E04AFA8BCA99}.Debug|x86.ActiveCfg = v4.0|Any CPU
		{7170C3A4-CD48-4D99-8048-E04AFA8BCA99}.Release|Any CPU.ActiveCfg = v4.0|Any CPU
		{7170C3A4-CD48-4D99-8048-E04AFA8BCA99}.Release|Any CPU.Build.0 = v4.0|Any CPU
		{7170C3A4-CD48-4D99-8048-E04AFA8BCA99}.Release|Mixed Platforms.ActiveCfg = v4.0|Any CPU
		{7170C3A4-CD48-4D99-8048-E04AFA8BCA99}.Release|Mixed Platforms.Build.0 = v4.0|Any CPU
		{7170C3A4-CD48-4D99-8048-E04AFA8BCA99}.Release|x86.ActiveCfg = v4.0|Any CPU
		{7170C3A4-CD48-4D99-8048-E04AFA8BCA99}.v3.5|Any CPU.ActiveCfg = v3.5|Any CPU
		{7170C3A4-CD48-4D99-8048-E04AFA8BCA99}.v3.5|Any CPU.Build.0 = v3.5|Any CPU
		{7170C3A4-CD48-4D99-8048-E04AFA8BCA99}.v3.5|Mixed Platforms.ActiveCfg = v3.5|Any CPU
		{7170C3A4-CD48-4D99-8048-E04AFA8BCA99}.v3.5|Mixed Platforms.Build.0 = v3.5|Any CPU
		{7170C3A4-CD48-4D99-8048-E04AFA8BCA99}.v3.5|x86.ActiveCfg = v3.5|Any CPU
		{7170C3A4-CD48-4D99-8048-E04AFA8BCA99}.v4.0|Any CPU.ActiveCfg = v4.0|Any CPU
		{7170C3A4-CD48-4D99-8048-E04AFA8BCA99}.v4.0|Any CPU.Build.0 = v4.0|Any CPU
		{7170C3A4-CD48-4D99-8048-E04AFA8BCA99}.v4.0|Mixed Platforms.ActiveCfg = v4.0|Any CPU
		{7170C3A4-CD48-4D99-8048-E04AFA8BCA99}.v4.0|Mixed Platforms.Build.0 = v4.0|Any CPU
		{7170C3A4-CD48-4D99-8048-E04AFA8BCA99}.v4.0|x86.ActiveCfg = v4.0|Any CPU
		{5A90FAC8-67DA-4823-B114-91F5A26B2FE9}.Debug|Any CPU.ActiveCfg = v4.0|Any CPU
		{5A90FAC8-67DA-4823-B114-91F5A26B2FE9}.Debug|Any CPU.Build.0 = v4.0|Any CPU
		{5A90FAC8-67DA-4823-B114-91F5A26B2FE9}.Debug|Mixed Platforms.ActiveCfg = v4.0|Any CPU
		{5A90FAC8-67DA-4823-B114-91F5A26B2FE9}.Debug|Mixed Platforms.Build.0 = v4.0|Any CPU
		{5A90FAC8-67DA-4823-B114-91F5A26B2FE9}.Debug|x86.ActiveCfg = v4.0|Any CPU
		{5A90FAC8-67DA-4823-B114-91F5A26B2FE9}.Release|Any CPU.ActiveCfg = v4.0|Any CPU
		{5A90FAC8-67DA-4823-B114-91F5A26B2FE9}.Release|Any CPU.Build.0 = v4.0|Any CPU
		{5A90FAC8-67DA-4823-B114-91F5A26B2FE9}.Release|Mixed Platforms.ActiveCfg = v4.0|Any CPU
		{5A90FAC8-67DA-4823-B114-91F5A26B2FE9}.Release|Mixed Platforms.Build.0 = v4.0|Any CPU
		{5A90FAC8-67DA-4823-B114-91F5A26B2FE9}.Release|x86.ActiveCfg = v4.0|Any CPU
		{5A90FAC8-67DA-4823-B114-91F5A26B2FE9}.v3.5|Any CPU.ActiveCfg = v3.5|Any CPU
		{5A90FAC8-67DA-4823-B114-91F5A26B2FE9}.v3.5|Any CPU.Build.0 = v3.5|Any CPU
		{5A90FAC8-67DA-4823-B114-91F5A26B2FE9}.v3.5|Mixed Platforms.ActiveCfg = v3.5|Any CPU
		{5A90FAC8-67DA-4823-B114-91F5A26B2FE9}.v3.5|Mixed Platforms.Build.0 = v3.5|Any CPU
		{5A90FAC8-67DA-4823-B114-91F5A26B2FE9}.v3.5|x86.ActiveCfg = v3.5|Any CPU
		{5A90FAC8-67DA-4823-B114-91F5A26B2FE9}.v4.0|Any CPU.ActiveCfg = v4.0|Any CPU
		{5A90FAC8-67DA-4823-B114-91F5A26B2FE9}.v4.0|Any CPU.Build.0 = v4.0|Any CPU
		{5A90FAC8-67DA-4823-B114-91F5A26B2FE9}.v4.0|Mixed Platforms.ActiveCfg = v4.0|Any CPU
		{5A90FAC8-67DA-4823-B114-91F5A26B2FE9}.v4.0|Mixed Platforms.Build.0 = v4.0|Any CPU
		{5A90FAC8-67DA-4823-B114-91F5A26B2FE9}.v4.0|x86.ActiveCfg = v4.0|Any CPU
		{AA74777B-DB40-4DCF-A69A-9DE5A6B2C380}.Debug|Any CPU.ActiveCfg = v4.0|Any CPU
		{AA74777B-DB40-4DCF-A69A-9DE5A6B2C380}.Debug|Any CPU.Build.0 = v4.0|Any CPU
		{AA74777B-DB40-4DCF-A69A-9DE5A6B2C380}.Debug|Mixed Platforms.ActiveCfg = v4.0|Any CPU
		{AA74777B-DB40-4DCF-A69A-9DE5A6B2C380}.Debug|Mixed Platforms.Build.0 = v4.0|Any CPU
		{AA74777B-DB40-4DCF-A69A-9DE5A6B2C380}.Debug|x86.ActiveCfg = v4.0|Any CPU
		{AA74777B-DB40-4DCF-A69A-9DE5A6B2C380}.Release|Any CPU.ActiveCfg = v4.0|Any CPU
		{AA74777B-DB40-4DCF-A69A-9DE5A6B2C380}.Release|Any CPU.Build.0 = v4.0|Any CPU
		{AA74777B-DB40-4DCF-A69A-9DE5A6B2C380}.Release|Mixed Platforms.ActiveCfg = v4.0|Any CPU
		{AA74777B-DB40-4DCF-A69A-9DE5A6B2C380}.Release|Mixed Platforms.Build.0 = v4.0|Any CPU
		{AA74777B-DB40-4DCF-A69A-9DE5A6B2C380}.Release|x86.ActiveCfg = v4.0|Any CPU
		{AA74777B-DB40-4DCF-A69A-9DE5A6B2C380}.v3.5|Any CPU.ActiveCfg = v3.5|Any CPU
		{AA74777B-DB40-4DCF-A69A-9DE5A6B2C380}.v3.5|Any CPU.Build.0 = v3.5|Any CPU
		{AA74777B-DB40-4DCF-A69A-9DE5A6B2C380}.v3.5|Mixed Platforms.ActiveCfg = v3.5|Any CPU
		{AA74777B-DB40-4DCF-A69A-9DE5A6B2C380}.v3.5|Mixed Platforms.Build.0 = v3.5|Any CPU
		{AA74777B-DB40-4DCF-A69A-9DE5A6B2C380}.v3.5|x86.ActiveCfg = v3.5|Any CPU
		{AA74777B-DB40-4DCF-A69A-9DE5A6B2C380}.v4.0|Any CPU.ActiveCfg = v4.0|Any CPU
		{AA74777B-DB40-4DCF-A69A-9DE5A6B2C380}.v4.0|Any CPU.Build.0 = v4.0|Any CPU
		{AA74777B-DB40-4DCF-A69A-9DE5A6B2C380}.v4.0|Mixed Platforms.ActiveCfg = v4.0|Any CPU
		{AA74777B-DB40-4DCF-A69A-9DE5A6B2C380}.v4.0|Mixed Platforms.Build.0 = v4.0|Any CPU
		{AA74777B-DB40-4DCF-A69A-9DE5A6B2C380}.v4.0|x86.ActiveCfg = v4.0|Any CPU
		{872605DE-E8EC-4D3D-8CEE-A62449A8DAEB}.Debug|Any CPU.ActiveCfg = v4.0|Any CPU
		{872605DE-E8EC-4D3D-8CEE-A62449A8DAEB}.Debug|Any CPU.Build.0 = v4.0|Any CPU
		{872605DE-E8EC-4D3D-8CEE-A62449A8DAEB}.Debug|Mixed Platforms.ActiveCfg = v4.0|Any CPU
		{872605DE-E8EC-4D3D-8CEE-A62449A8DAEB}.Debug|Mixed Platforms.Build.0 = v4.0|Any CPU
		{872605DE-E8EC-4D3D-8CEE-A62449A8DAEB}.Debug|x86.ActiveCfg = v4.0|Any CPU
		{872605DE-E8EC-4D3D-8CEE-A62449A8DAEB}.Release|Any CPU.ActiveCfg = v4.0|Any CPU
		{872605DE-E8EC-4D3D-8CEE-A62449A8DAEB}.Release|Any CPU.Build.0 = v4.0|Any CPU
		{872605DE-E8EC-4D3D-8CEE-A62449A8DAEB}.Release|Mixed Platforms.ActiveCfg = v4.0|Any CPU
		{872605DE-E8EC-4D3D-8CEE-A62449A8DAEB}.Release|Mixed Platforms.Build.0 = v4.0|Any CPU
		{872605DE-E8EC-4D3D-8CEE-A62449A8DAEB}.Release|x86.ActiveCfg = v4.0|Any CPU
		{872605DE-E8EC-4D3D-8CEE-A62449A8DAEB}.v3.5|Any CPU.ActiveCfg = v3.5|Any CPU
		{872605DE-E8EC-4D3D-8CEE-A62449A8DAEB}.v3.5|Any CPU.Build.0 = v3.5|Any CPU
		{872605DE-E8EC-4D3D-8CEE-A62449A8DAEB}.v3.5|Mixed Platforms.ActiveCfg = v3.5|Any CPU
		{872605DE-E8EC-4D3D-8CEE-A62449A8DAEB}.v3.5|Mixed Platforms.Build.0 = v3.5|Any CPU
		{872605DE-E8EC-4D3D-8CEE-A62449A8DAEB}.v3.5|x86.ActiveCfg = v3.5|Any CPU
		{872605DE-E8EC-4D3D-8CEE-A62449A8DAEB}.v4.0|Any CPU.ActiveCfg = v4.0|Any CPU
		{872605DE-E8EC-4D3D-8CEE-A62449A8DAEB}.v4.0|Any CPU.Build.0 = v4.0|Any CPU
		{872605DE-E8EC-4D3D-8CEE-A62449A8DAEB}.v4.0|Mixed Platforms.ActiveCfg = v4.0|Any CPU
		{872605DE-E8EC-4D3D-8CEE-A62449A8DAEB}.v4.0|Mixed Platforms.Build.0 = v4.0|Any CPU
		{872605DE-E8EC-4D3D-8CEE-A62449A8DAEB}.v4.0|x86.ActiveCfg = v4.0|Any CPU
		{35DC6D7D-5A1B-40D4-92C0-E52DE2EB43ED}.Debug|Any CPU.ActiveCfg = v4.0|Any CPU
		{35DC6D7D-5A1B-40D4-92C0-E52DE2EB43ED}.Debug|Any CPU.Build.0 = v4.0|Any CPU
		{35DC6D7D-5A1B-40D4-92C0-E52DE2EB43ED}.Debug|Mixed Platforms.ActiveCfg = v4.0|Any CPU
		{35DC6D7D-5A1B-40D4-92C0-E52DE2EB43ED}.Debug|Mixed Platforms.Build.0 = v4.0|Any CPU
		{35DC6D7D-5A1B-40D4-92C0-E52DE2EB43ED}.Debug|x86.ActiveCfg = v4.0|Any CPU
		{35DC6D7D-5A1B-40D4-92C0-E52DE2EB43ED}.Release|Any CPU.ActiveCfg = v4.0|Any CPU
		{35DC6D7D-5A1B-40D4-92C0-E52DE2EB43ED}.Release|Any CPU.Build.0 = v4.0|Any CPU
		{35DC6D7D-5A1B-40D4-92C0-E52DE2EB43ED}.Release|Mixed Platforms.ActiveCfg = v4.0|Any CPU
		{35DC6D7D-5A1B-40D4-92C0-E52DE2EB43ED}.Release|Mixed Platforms.Build.0 = v4.0|Any CPU
		{35DC6D7D-5A1B-40D4-92C0-E52DE2EB43ED}.Release|x86.ActiveCfg = v4.0|Any CPU
		{35DC6D7D-5A1B-40D4-92C0-E52DE2EB43ED}.v3.5|Any CPU.ActiveCfg = v3.5|Any CPU
		{35DC6D7D-5A1B-40D4-92C0-E52DE2EB43ED}.v3.5|Any CPU.Build.0 = v3.5|Any CPU
		{35DC6D7D-5A1B-40D4-92C0-E52DE2EB43ED}.v3.5|Mixed Platforms.ActiveCfg = v3.5|Any CPU
		{35DC6D7D-5A1B-40D4-92C0-E52DE2EB43ED}.v3.5|Mixed Platforms.Build.0 = v3.5|Any CPU
		{35DC6D7D-5A1B-40D4-92C0-E52DE2EB43ED}.v3.5|x86.ActiveCfg = v3.5|Any CPU
		{35DC6D7D-5A1B-40D4-92C0-E52DE2EB43ED}.v4.0|Any CPU.ActiveCfg = v4.0|Any CPU
		{35DC6D7D-5A1B-40D4-92C0-E52DE2EB43ED}.v4.0|Any CPU.Build.0 = v4.0|Any CPU
		{35DC6D7D-5A1B-40D4-92C0-E52DE2EB43ED}.v4.0|Mixed Platforms.ActiveCfg = v4.0|Any CPU
		{35DC6D7D-5A1B-40D4-92C0-E52DE2EB43ED}.v4.0|Mixed Platforms.Build.0 = v4.0|Any CPU
		{35DC6D7D-5A1B-40D4-92C0-E52DE2EB43ED}.v4.0|x86.ActiveCfg = v4.0|Any CPU
		{2AE12569-FBE9-4249-AEB4-496D1F96FFBA}.Debug|Any CPU.ActiveCfg = v4.0|Any CPU
		{2AE12569-FBE9-4249-AEB4-496D1F96FFBA}.Debug|Any CPU.Build.0 = v4.0|Any CPU
		{2AE12569-FBE9-4249-AEB4-496D1F96FFBA}.Debug|Mixed Platforms.ActiveCfg = v4.0|Any CPU
		{2AE12569-FBE9-4249-AEB4-496D1F96FFBA}.Debug|Mixed Platforms.Build.0 = v4.0|Any CPU
		{2AE12569-FBE9-4249-AEB4-496D1F96FFBA}.Debug|x86.ActiveCfg = v4.0|Any CPU
		{2AE12569-FBE9-4249-AEB4-496D1F96FFBA}.Release|Any CPU.ActiveCfg = v4.0|Any CPU
		{2AE12569-FBE9-4249-AEB4-496D1F96FFBA}.Release|Any CPU.Build.0 = v4.0|Any CPU
		{2AE12569-FBE9-4249-AEB4-496D1F96FFBA}.Release|Mixed Platforms.ActiveCfg = v4.0|Any CPU
		{2AE12569-FBE9-4249-AEB4-496D1F96FFBA}.Release|Mixed Platforms.Build.0 = v4.0|Any CPU
		{2AE12569-FBE9-4249-AEB4-496D1F96FFBA}.Release|x86.ActiveCfg = v4.0|Any CPU
		{2AE12569-FBE9-4249-AEB4-496D1F96FFBA}.v3.5|Any CPU.ActiveCfg = v3.5|Any CPU
		{2AE12569-FBE9-4249-AEB4-496D1F96FFBA}.v3.5|Mixed Platforms.ActiveCfg = v3.5|Any CPU
		{2AE12569-FBE9-4249-AEB4-496D1F96FFBA}.v3.5|Mixed Platforms.Build.0 = v3.5|Any CPU
		{2AE12569-FBE9-4249-AEB4-496D1F96FFBA}.v3.5|x86.ActiveCfg = v3.5|Any CPU
		{2AE12569-FBE9-4249-AEB4-496D1F96FFBA}.v4.0|Any CPU.ActiveCfg = v4.0|Any CPU
		{2AE12569-FBE9-4249-AEB4-496D1F96FFBA}.v4.0|Mixed Platforms.ActiveCfg = v4.0|Any CPU
		{2AE12569-FBE9-4249-AEB4-496D1F96FFBA}.v4.0|Mixed Platforms.Build.0 = v4.0|Any CPU
		{2AE12569-FBE9-4249-AEB4-496D1F96FFBA}.v4.0|x86.ActiveCfg = v4.0|Any CPU
		{9B1753AB-A527-47DD-A483-ADD70DE8651E}.Debug|Any CPU.ActiveCfg = v4.0|Any CPU
		{9B1753AB-A527-47DD-A483-ADD70DE8651E}.Debug|Any CPU.Build.0 = v4.0|Any CPU
		{9B1753AB-A527-47DD-A483-ADD70DE8651E}.Debug|Mixed Platforms.ActiveCfg = v4.0|Any CPU
		{9B1753AB-A527-47DD-A483-ADD70DE8651E}.Debug|Mixed Platforms.Build.0 = v4.0|Any CPU
		{9B1753AB-A527-47DD-A483-ADD70DE8651E}.Debug|x86.ActiveCfg = v4.0|Any CPU
		{9B1753AB-A527-47DD-A483-ADD70DE8651E}.Release|Any CPU.ActiveCfg = v4.0|Any CPU
		{9B1753AB-A527-47DD-A483-ADD70DE8651E}.Release|Any CPU.Build.0 = v4.0|Any CPU
		{9B1753AB-A527-47DD-A483-ADD70DE8651E}.Release|Mixed Platforms.ActiveCfg = v4.0|Any CPU
		{9B1753AB-A527-47DD-A483-ADD70DE8651E}.Release|Mixed Platforms.Build.0 = v4.0|Any CPU
		{9B1753AB-A527-47DD-A483-ADD70DE8651E}.Release|x86.ActiveCfg = v4.0|Any CPU
		{9B1753AB-A527-47DD-A483-ADD70DE8651E}.v3.5|Any CPU.ActiveCfg = v3.5|Any CPU
		{9B1753AB-A527-47DD-A483-ADD70DE8651E}.v3.5|Any CPU.Build.0 = v3.5|Any CPU
		{9B1753AB-A527-47DD-A483-ADD70DE8651E}.v3.5|Mixed Platforms.ActiveCfg = v3.5|Any CPU
		{9B1753AB-A527-47DD-A483-ADD70DE8651E}.v3.5|Mixed Platforms.Build.0 = v3.5|Any CPU
		{9B1753AB-A527-47DD-A483-ADD70DE8651E}.v3.5|x86.ActiveCfg = v3.5|Any CPU
		{9B1753AB-A527-47DD-A483-ADD70DE8651E}.v4.0|Any CPU.ActiveCfg = v4.0|Any CPU
		{9B1753AB-A527-47DD-A483-ADD70DE8651E}.v4.0|Any CPU.Build.0 = v4.0|Any CPU
		{9B1753AB-A527-47DD-A483-ADD70DE8651E}.v4.0|Mixed Platforms.ActiveCfg = v4.0|Any CPU
		{9B1753AB-A527-47DD-A483-ADD70DE8651E}.v4.0|Mixed Platforms.Build.0 = v4.0|Any CPU
		{9B1753AB-A527-47DD-A483-ADD70DE8651E}.v4.0|x86.ActiveCfg = v4.0|Any CPU
		{ADCA3C62-FC3C-47D8-819C-123E1158ABC8}.Debug|Any CPU.ActiveCfg = v4.0|Any CPU
		{ADCA3C62-FC3C-47D8-819C-123E1158ABC8}.Debug|Any CPU.Build.0 = v4.0|Any CPU
		{ADCA3C62-FC3C-47D8-819C-123E1158ABC8}.Debug|Mixed Platforms.ActiveCfg = v4.0|Any CPU
		{ADCA3C62-FC3C-47D8-819C-123E1158ABC8}.Debug|Mixed Platforms.Build.0 = v4.0|Any CPU
		{ADCA3C62-FC3C-47D8-819C-123E1158ABC8}.Debug|x86.ActiveCfg = v4.0|Any CPU
		{ADCA3C62-FC3C-47D8-819C-123E1158ABC8}.Release|Any CPU.ActiveCfg = v4.0|Any CPU
		{ADCA3C62-FC3C-47D8-819C-123E1158ABC8}.Release|Any CPU.Build.0 = v4.0|Any CPU
		{ADCA3C62-FC3C-47D8-819C-123E1158ABC8}.Release|Mixed Platforms.ActiveCfg = v4.0|Any CPU
		{ADCA3C62-FC3C-47D8-819C-123E1158ABC8}.Release|Mixed Platforms.Build.0 = v4.0|Any CPU
		{ADCA3C62-FC3C-47D8-819C-123E1158ABC8}.Release|x86.ActiveCfg = v4.0|Any CPU
		{ADCA3C62-FC3C-47D8-819C-123E1158ABC8}.v3.5|Any CPU.ActiveCfg = v3.5|Any CPU
		{ADCA3C62-FC3C-47D8-819C-123E1158ABC8}.v3.5|Mixed Platforms.ActiveCfg = v3.5|Any CPU
		{ADCA3C62-FC3C-47D8-819C-123E1158ABC8}.v3.5|Mixed Platforms.Build.0 = v3.5|Any CPU
		{ADCA3C62-FC3C-47D8-819C-123E1158ABC8}.v3.5|x86.ActiveCfg = v3.5|Any CPU
		{ADCA3C62-FC3C-47D8-819C-123E1158ABC8}.v4.0|Any CPU.ActiveCfg = v4.0|Any CPU
		{ADCA3C62-FC3C-47D8-819C-123E1158ABC8}.v4.0|Any CPU.Build.0 = v4.0|Any CPU
		{ADCA3C62-FC3C-47D8-819C-123E1158ABC8}.v4.0|Mixed Platforms.ActiveCfg = v4.0|Any CPU
		{ADCA3C62-FC3C-47D8-819C-123E1158ABC8}.v4.0|Mixed Platforms.Build.0 = v4.0|Any CPU
		{ADCA3C62-FC3C-47D8-819C-123E1158ABC8}.v4.0|x86.ActiveCfg = v4.0|Any CPU
		{496A42F8-9AFF-48F0-BEDD-7B302BF9A9A0}.Debug|Any CPU.ActiveCfg = v4.0|Any CPU
		{496A42F8-9AFF-48F0-BEDD-7B302BF9A9A0}.Debug|Any CPU.Build.0 = v4.0|Any CPU
		{496A42F8-9AFF-48F0-BEDD-7B302BF9A9A0}.Debug|Mixed Platforms.ActiveCfg = v4.0|Any CPU
		{496A42F8-9AFF-48F0-BEDD-7B302BF9A9A0}.Debug|Mixed Platforms.Build.0 = v4.0|Any CPU
		{496A42F8-9AFF-48F0-BEDD-7B302BF9A9A0}.Debug|x86.ActiveCfg = v4.0|Any CPU
		{496A42F8-9AFF-48F0-BEDD-7B302BF9A9A0}.Release|Any CPU.ActiveCfg = v4.0|Any CPU
		{496A42F8-9AFF-48F0-BEDD-7B302BF9A9A0}.Release|Any CPU.Build.0 = v4.0|Any CPU
		{496A42F8-9AFF-48F0-BEDD-7B302BF9A9A0}.Release|Mixed Platforms.ActiveCfg = v4.0|Any CPU
		{496A42F8-9AFF-48F0-BEDD-7B302BF9A9A0}.Release|Mixed Platforms.Build.0 = v4.0|Any CPU
		{496A42F8-9AFF-48F0-BEDD-7B302BF9A9A0}.Release|x86.ActiveCfg = v4.0|Any CPU
		{496A42F8-9AFF-48F0-BEDD-7B302BF9A9A0}.v3.5|Any CPU.ActiveCfg = v3.5|Any CPU
		{496A42F8-9AFF-48F0-BEDD-7B302BF9A9A0}.v3.5|Any CPU.Build.0 = v3.5|Any CPU
		{496A42F8-9AFF-48F0-BEDD-7B302BF9A9A0}.v3.5|Mixed Platforms.ActiveCfg = v3.5|Any CPU
		{496A42F8-9AFF-48F0-BEDD-7B302BF9A9A0}.v3.5|Mixed Platforms.Build.0 = v3.5|Any CPU
		{496A42F8-9AFF-48F0-BEDD-7B302BF9A9A0}.v3.5|x86.ActiveCfg = v3.5|Any CPU
		{496A42F8-9AFF-48F0-BEDD-7B302BF9A9A0}.v4.0|Any CPU.ActiveCfg = v4.0|Any CPU
		{496A42F8-9AFF-48F0-BEDD-7B302BF9A9A0}.v4.0|Any CPU.Build.0 = v4.0|Any CPU
		{496A42F8-9AFF-48F0-BEDD-7B302BF9A9A0}.v4.0|Mixed Platforms.ActiveCfg = v4.0|Any CPU
		{496A42F8-9AFF-48F0-BEDD-7B302BF9A9A0}.v4.0|Mixed Platforms.Build.0 = v4.0|Any CPU
		{496A42F8-9AFF-48F0-BEDD-7B302BF9A9A0}.v4.0|x86.ActiveCfg = v4.0|Any CPU
		{A1DE343D-3DB9-4834-8323-CBB36D7DED48}.Debug|Any CPU.ActiveCfg = v4.0|Any CPU
		{A1DE343D-3DB9-4834-8323-CBB36D7DED48}.Debug|Any CPU.Build.0 = v4.0|Any CPU
		{A1DE343D-3DB9-4834-8323-CBB36D7DED48}.Debug|Mixed Platforms.ActiveCfg = v4.0|Any CPU
		{A1DE343D-3DB9-4834-8323-CBB36D7DED48}.Debug|Mixed Platforms.Build.0 = v4.0|Any CPU
		{A1DE343D-3DB9-4834-8323-CBB36D7DED48}.Debug|x86.ActiveCfg = v4.0|Any CPU
		{A1DE343D-3DB9-4834-8323-CBB36D7DED48}.Release|Any CPU.ActiveCfg = v4.0|Any CPU
		{A1DE343D-3DB9-4834-8323-CBB36D7DED48}.Release|Any CPU.Build.0 = v4.0|Any CPU
		{A1DE343D-3DB9-4834-8323-CBB36D7DED48}.Release|Mixed Platforms.ActiveCfg = v4.0|Any CPU
		{A1DE343D-3DB9-4834-8323-CBB36D7DED48}.Release|Mixed Platforms.Build.0 = v4.0|Any CPU
		{A1DE343D-3DB9-4834-8323-CBB36D7DED48}.Release|x86.ActiveCfg = v4.0|Any CPU
		{A1DE343D-3DB9-4834-8323-CBB36D7DED48}.v3.5|Any CPU.ActiveCfg = v3.5|Any CPU
		{A1DE343D-3DB9-4834-8323-CBB36D7DED48}.v3.5|Any CPU.Build.0 = v3.5|Any CPU
		{A1DE343D-3DB9-4834-8323-CBB36D7DED48}.v3.5|Mixed Platforms.ActiveCfg = v3.5|Any CPU
		{A1DE343D-3DB9-4834-8323-CBB36D7DED48}.v3.5|Mixed Platforms.Build.0 = v3.5|Any CPU
		{A1DE343D-3DB9-4834-8323-CBB36D7DED48}.v3.5|x86.ActiveCfg = v3.5|Any CPU
		{A1DE343D-3DB9-4834-8323-CBB36D7DED48}.v4.0|Any CPU.ActiveCfg = v4.0|Any CPU
		{A1DE343D-3DB9-4834-8323-CBB36D7DED48}.v4.0|Any CPU.Build.0 = v4.0|Any CPU
		{A1DE343D-3DB9-4834-8323-CBB36D7DED48}.v4.0|Mixed Platforms.ActiveCfg = v4.0|Any CPU
		{A1DE343D-3DB9-4834-8323-CBB36D7DED48}.v4.0|Mixed Platforms.Build.0 = v4.0|Any CPU
		{A1DE343D-3DB9-4834-8323-CBB36D7DED48}.v4.0|x86.ActiveCfg = v4.0|Any CPU
		{6312B4CD-D416-4493-8850-28D6FE3D6AFB}.Debug|Any CPU.ActiveCfg = v4.0|Any CPU
		{6312B4CD-D416-4493-8850-28D6FE3D6AFB}.Debug|Any CPU.Build.0 = v4.0|Any CPU
		{6312B4CD-D416-4493-8850-28D6FE3D6AFB}.Debug|Mixed Platforms.ActiveCfg = v4.0|Any CPU
		{6312B4CD-D416-4493-8850-28D6FE3D6AFB}.Debug|Mixed Platforms.Build.0 = v4.0|Any CPU
		{6312B4CD-D416-4493-8850-28D6FE3D6AFB}.Debug|x86.ActiveCfg = v4.0|Any CPU
		{6312B4CD-D416-4493-8850-28D6FE3D6AFB}.Release|Any CPU.ActiveCfg = v4.0|Any CPU
		{6312B4CD-D416-4493-8850-28D6FE3D6AFB}.Release|Any CPU.Build.0 = v4.0|Any CPU
		{6312B4CD-D416-4493-8850-28D6FE3D6AFB}.Release|Mixed Platforms.ActiveCfg = v4.0|Any CPU
		{6312B4CD-D416-4493-8850-28D6FE3D6AFB}.Release|Mixed Platforms.Build.0 = v4.0|Any CPU
		{6312B4CD-D416-4493-8850-28D6FE3D6AFB}.Release|x86.ActiveCfg = v4.0|Any CPU
		{6312B4CD-D416-4493-8850-28D6FE3D6AFB}.v3.5|Any CPU.ActiveCfg = v3.5|Any CPU
		{6312B4CD-D416-4493-8850-28D6FE3D6AFB}.v3.5|Any CPU.Build.0 = v3.5|Any CPU
		{6312B4CD-D416-4493-8850-28D6FE3D6AFB}.v3.5|Mixed Platforms.ActiveCfg = v3.5|Any CPU
		{6312B4CD-D416-4493-8850-28D6FE3D6AFB}.v3.5|Mixed Platforms.Build.0 = v3.5|Any CPU
		{6312B4CD-D416-4493-8850-28D6FE3D6AFB}.v3.5|x86.ActiveCfg = v3.5|Any CPU
		{6312B4CD-D416-4493-8850-28D6FE3D6AFB}.v4.0|Any CPU.ActiveCfg = v4.0|Any CPU
		{6312B4CD-D416-4493-8850-28D6FE3D6AFB}.v4.0|Any CPU.Build.0 = v4.0|Any CPU
		{6312B4CD-D416-4493-8850-28D6FE3D6AFB}.v4.0|Mixed Platforms.ActiveCfg = v4.0|Any CPU
		{6312B4CD-D416-4493-8850-28D6FE3D6AFB}.v4.0|Mixed Platforms.Build.0 = v4.0|Any CPU
		{6312B4CD-D416-4493-8850-28D6FE3D6AFB}.v4.0|x86.ActiveCfg = v4.0|Any CPU
		{A1F2FDC1-1E72-4096-B18E-FD5CE8316D73}.Debug|Any CPU.ActiveCfg = v4.0|Any CPU
		{A1F2FDC1-1E72-4096-B18E-FD5CE8316D73}.Debug|Any CPU.Build.0 = v4.0|Any CPU
		{A1F2FDC1-1E72-4096-B18E-FD5CE8316D73}.Debug|Mixed Platforms.ActiveCfg = v4.0|Any CPU
		{A1F2FDC1-1E72-4096-B18E-FD5CE8316D73}.Debug|Mixed Platforms.Build.0 = v4.0|Any CPU
		{A1F2FDC1-1E72-4096-B18E-FD5CE8316D73}.Debug|x86.ActiveCfg = v4.0|Any CPU
		{A1F2FDC1-1E72-4096-B18E-FD5CE8316D73}.Release|Any CPU.ActiveCfg = v4.0|Any CPU
		{A1F2FDC1-1E72-4096-B18E-FD5CE8316D73}.Release|Any CPU.Build.0 = v4.0|Any CPU
		{A1F2FDC1-1E72-4096-B18E-FD5CE8316D73}.Release|Mixed Platforms.ActiveCfg = v4.0|Any CPU
		{A1F2FDC1-1E72-4096-B18E-FD5CE8316D73}.Release|Mixed Platforms.Build.0 = v4.0|Any CPU
		{A1F2FDC1-1E72-4096-B18E-FD5CE8316D73}.Release|x86.ActiveCfg = v4.0|Any CPU
		{A1F2FDC1-1E72-4096-B18E-FD5CE8316D73}.v3.5|Any CPU.ActiveCfg = v3.5|Any CPU
		{A1F2FDC1-1E72-4096-B18E-FD5CE8316D73}.v3.5|Any CPU.Build.0 = v3.5|Any CPU
		{A1F2FDC1-1E72-4096-B18E-FD5CE8316D73}.v3.5|Mixed Platforms.ActiveCfg = v3.5|Any CPU
		{A1F2FDC1-1E72-4096-B18E-FD5CE8316D73}.v3.5|Mixed Platforms.Build.0 = v3.5|Any CPU
		{A1F2FDC1-1E72-4096-B18E-FD5CE8316D73}.v3.5|x86.ActiveCfg = v3.5|Any CPU
		{A1F2FDC1-1E72-4096-B18E-FD5CE8316D73}.v4.0|Any CPU.ActiveCfg = v4.0|Any CPU
		{A1F2FDC1-1E72-4096-B18E-FD5CE8316D73}.v4.0|Any CPU.Build.0 = v4.0|Any CPU
		{A1F2FDC1-1E72-4096-B18E-FD5CE8316D73}.v4.0|Mixed Platforms.ActiveCfg = v4.0|Any CPU
		{A1F2FDC1-1E72-4096-B18E-FD5CE8316D73}.v4.0|Mixed Platforms.Build.0 = v4.0|Any CPU
		{A1F2FDC1-1E72-4096-B18E-FD5CE8316D73}.v4.0|x86.ActiveCfg = v4.0|Any CPU
		{404DD50D-53EF-4680-B437-05D56736E2A8}.Debug|Any CPU.ActiveCfg = v4.0|Any CPU
		{404DD50D-53EF-4680-B437-05D56736E2A8}.Debug|Any CPU.Build.0 = v4.0|Any CPU
		{404DD50D-53EF-4680-B437-05D56736E2A8}.Debug|Mixed Platforms.ActiveCfg = v4.0|Any CPU
		{404DD50D-53EF-4680-B437-05D56736E2A8}.Debug|Mixed Platforms.Build.0 = v4.0|Any CPU
		{404DD50D-53EF-4680-B437-05D56736E2A8}.Debug|x86.ActiveCfg = v4.0|Any CPU
		{404DD50D-53EF-4680-B437-05D56736E2A8}.Release|Any CPU.ActiveCfg = v4.0|Any CPU
		{404DD50D-53EF-4680-B437-05D56736E2A8}.Release|Any CPU.Build.0 = v4.0|Any CPU
		{404DD50D-53EF-4680-B437-05D56736E2A8}.Release|Mixed Platforms.ActiveCfg = v4.0|Any CPU
		{404DD50D-53EF-4680-B437-05D56736E2A8}.Release|Mixed Platforms.Build.0 = v4.0|Any CPU
		{404DD50D-53EF-4680-B437-05D56736E2A8}.Release|x86.ActiveCfg = v4.0|Any CPU
		{404DD50D-53EF-4680-B437-05D56736E2A8}.v3.5|Any CPU.ActiveCfg = v3.5|Any CPU
		{404DD50D-53EF-4680-B437-05D56736E2A8}.v3.5|Any CPU.Build.0 = v3.5|Any CPU
		{404DD50D-53EF-4680-B437-05D56736E2A8}.v3.5|Mixed Platforms.ActiveCfg = v3.5|Any CPU
		{404DD50D-53EF-4680-B437-05D56736E2A8}.v3.5|Mixed Platforms.Build.0 = v3.5|Any CPU
		{404DD50D-53EF-4680-B437-05D56736E2A8}.v3.5|x86.ActiveCfg = v3.5|Any CPU
		{404DD50D-53EF-4680-B437-05D56736E2A8}.v4.0|Any CPU.ActiveCfg = v4.0|Any CPU
		{404DD50D-53EF-4680-B437-05D56736E2A8}.v4.0|Any CPU.Build.0 = v4.0|Any CPU
		{404DD50D-53EF-4680-B437-05D56736E2A8}.v4.0|Mixed Platforms.ActiveCfg = v4.0|Any CPU
		{404DD50D-53EF-4680-B437-05D56736E2A8}.v4.0|Mixed Platforms.Build.0 = v4.0|Any CPU
		{404DD50D-53EF-4680-B437-05D56736E2A8}.v4.0|x86.ActiveCfg = v4.0|Any CPU
		{6C986D10-2188-463B-BBD2-F0BB290F6780}.Debug|Any CPU.ActiveCfg = v4.0|Any CPU
		{6C986D10-2188-463B-BBD2-F0BB290F6780}.Debug|Any CPU.Build.0 = v4.0|Any CPU
		{6C986D10-2188-463B-BBD2-F0BB290F6780}.Debug|Mixed Platforms.ActiveCfg = v4.0|Any CPU
		{6C986D10-2188-463B-BBD2-F0BB290F6780}.Debug|Mixed Platforms.Build.0 = v4.0|Any CPU
		{6C986D10-2188-463B-BBD2-F0BB290F6780}.Debug|x86.ActiveCfg = v4.0|Any CPU
		{6C986D10-2188-463B-BBD2-F0BB290F6780}.Release|Any CPU.ActiveCfg = v4.0|Any CPU
		{6C986D10-2188-463B-BBD2-F0BB290F6780}.Release|Any CPU.Build.0 = v4.0|Any CPU
		{6C986D10-2188-463B-BBD2-F0BB290F6780}.Release|Mixed Platforms.ActiveCfg = v4.0|Any CPU
		{6C986D10-2188-463B-BBD2-F0BB290F6780}.Release|Mixed Platforms.Build.0 = v4.0|Any CPU
		{6C986D10-2188-463B-BBD2-F0BB290F6780}.Release|x86.ActiveCfg = v4.0|Any CPU
		{6C986D10-2188-463B-BBD2-F0BB290F6780}.v3.5|Any CPU.ActiveCfg = v3.5|Any CPU
		{6C986D10-2188-463B-BBD2-F0BB290F6780}.v3.5|Any CPU.Build.0 = v3.5|Any CPU
		{6C986D10-2188-463B-BBD2-F0BB290F6780}.v3.5|Mixed Platforms.ActiveCfg = v3.5|Any CPU
		{6C986D10-2188-463B-BBD2-F0BB290F6780}.v3.5|Mixed Platforms.Build.0 = v3.5|Any CPU
		{6C986D10-2188-463B-BBD2-F0BB290F6780}.v3.5|x86.ActiveCfg = v3.5|Any CPU
		{6C986D10-2188-463B-BBD2-F0BB290F6780}.v4.0|Any CPU.ActiveCfg = v4.0|Any CPU
		{6C986D10-2188-463B-BBD2-F0BB290F6780}.v4.0|Any CPU.Build.0 = v4.0|Any CPU
		{6C986D10-2188-463B-BBD2-F0BB290F6780}.v4.0|Mixed Platforms.ActiveCfg = v4.0|Any CPU
		{6C986D10-2188-463B-BBD2-F0BB290F6780}.v4.0|Mixed Platforms.Build.0 = v4.0|Any CPU
		{6C986D10-2188-463B-BBD2-F0BB290F6780}.v4.0|x86.ActiveCfg = v4.0|Any CPU
		{24586114-6564-468F-9D51-98360DFE1465}.Debug|Any CPU.ActiveCfg = v4.0|Any CPU
		{24586114-6564-468F-9D51-98360DFE1465}.Debug|Any CPU.Build.0 = v4.0|Any CPU
		{24586114-6564-468F-9D51-98360DFE1465}.Debug|Mixed Platforms.ActiveCfg = v4.0|Any CPU
		{24586114-6564-468F-9D51-98360DFE1465}.Debug|Mixed Platforms.Build.0 = v4.0|Any CPU
		{24586114-6564-468F-9D51-98360DFE1465}.Debug|x86.ActiveCfg = v4.0|Any CPU
		{24586114-6564-468F-9D51-98360DFE1465}.Release|Any CPU.ActiveCfg = v4.0|Any CPU
		{24586114-6564-468F-9D51-98360DFE1465}.Release|Any CPU.Build.0 = v4.0|Any CPU
		{24586114-6564-468F-9D51-98360DFE1465}.Release|Mixed Platforms.ActiveCfg = v4.0|Any CPU
		{24586114-6564-468F-9D51-98360DFE1465}.Release|Mixed Platforms.Build.0 = v4.0|Any CPU
		{24586114-6564-468F-9D51-98360DFE1465}.Release|x86.ActiveCfg = v4.0|Any CPU
		{24586114-6564-468F-9D51-98360DFE1465}.v3.5|Any CPU.ActiveCfg = v3.5|Any CPU
		{24586114-6564-468F-9D51-98360DFE1465}.v3.5|Any CPU.Build.0 = v3.5|Any CPU
		{24586114-6564-468F-9D51-98360DFE1465}.v3.5|Mixed Platforms.ActiveCfg = v3.5|Any CPU
		{24586114-6564-468F-9D51-98360DFE1465}.v3.5|Mixed Platforms.Build.0 = v3.5|Any CPU
		{24586114-6564-468F-9D51-98360DFE1465}.v3.5|x86.ActiveCfg = v3.5|Any CPU
		{24586114-6564-468F-9D51-98360DFE1465}.v4.0|Any CPU.ActiveCfg = v4.0|Any CPU
		{24586114-6564-468F-9D51-98360DFE1465}.v4.0|Any CPU.Build.0 = v4.0|Any CPU
		{24586114-6564-468F-9D51-98360DFE1465}.v4.0|Mixed Platforms.ActiveCfg = v4.0|Any CPU
		{24586114-6564-468F-9D51-98360DFE1465}.v4.0|Mixed Platforms.Build.0 = v4.0|Any CPU
		{24586114-6564-468F-9D51-98360DFE1465}.v4.0|x86.ActiveCfg = v4.0|Any CPU
		{23E5F7FB-D23B-4218-9059-E4454D48B9EF}.Debug|Any CPU.ActiveCfg = v4.0|Any CPU
		{23E5F7FB-D23B-4218-9059-E4454D48B9EF}.Debug|Any CPU.Build.0 = v4.0|Any CPU
		{23E5F7FB-D23B-4218-9059-E4454D48B9EF}.Debug|Mixed Platforms.ActiveCfg = v4.0|Any CPU
		{23E5F7FB-D23B-4218-9059-E4454D48B9EF}.Debug|Mixed Platforms.Build.0 = v4.0|Any CPU
		{23E5F7FB-D23B-4218-9059-E4454D48B9EF}.Debug|x86.ActiveCfg = v4.0|Any CPU
		{23E5F7FB-D23B-4218-9059-E4454D48B9EF}.Release|Any CPU.ActiveCfg = v4.0|Any CPU
		{23E5F7FB-D23B-4218-9059-E4454D48B9EF}.Release|Any CPU.Build.0 = v4.0|Any CPU
		{23E5F7FB-D23B-4218-9059-E4454D48B9EF}.Release|Mixed Platforms.ActiveCfg = v4.0|Any CPU
		{23E5F7FB-D23B-4218-9059-E4454D48B9EF}.Release|Mixed Platforms.Build.0 = v4.0|Any CPU
		{23E5F7FB-D23B-4218-9059-E4454D48B9EF}.Release|x86.ActiveCfg = v4.0|Any CPU
		{23E5F7FB-D23B-4218-9059-E4454D48B9EF}.v3.5|Any CPU.ActiveCfg = v3.5|Any CPU
		{23E5F7FB-D23B-4218-9059-E4454D48B9EF}.v3.5|Any CPU.Build.0 = v3.5|Any CPU
		{23E5F7FB-D23B-4218-9059-E4454D48B9EF}.v3.5|Mixed Platforms.ActiveCfg = v3.5|Any CPU
		{23E5F7FB-D23B-4218-9059-E4454D48B9EF}.v3.5|Mixed Platforms.Build.0 = v3.5|Any CPU
		{23E5F7FB-D23B-4218-9059-E4454D48B9EF}.v3.5|x86.ActiveCfg = v3.5|Any CPU
		{23E5F7FB-D23B-4218-9059-E4454D48B9EF}.v4.0|Any CPU.ActiveCfg = v4.0|Any CPU
		{23E5F7FB-D23B-4218-9059-E4454D48B9EF}.v4.0|Any CPU.Build.0 = v4.0|Any CPU
		{23E5F7FB-D23B-4218-9059-E4454D48B9EF}.v4.0|Mixed Platforms.ActiveCfg = v4.0|Any CPU
		{23E5F7FB-D23B-4218-9059-E4454D48B9EF}.v4.0|Mixed Platforms.Build.0 = v4.0|Any CPU
		{23E5F7FB-D23B-4218-9059-E4454D48B9EF}.v4.0|x86.ActiveCfg = v4.0|Any CPU
		{5A8E9E1F-CE3B-4AA6-8803-62DDE2488014}.Debug|Any CPU.ActiveCfg = v4.0|Any CPU
		{5A8E9E1F-CE3B-4AA6-8803-62DDE2488014}.Debug|Any CPU.Build.0 = v4.0|Any CPU
		{5A8E9E1F-CE3B-4AA6-8803-62DDE2488014}.Debug|Mixed Platforms.ActiveCfg = v4.0|Any CPU
		{5A8E9E1F-CE3B-4AA6-8803-62DDE2488014}.Debug|Mixed Platforms.Build.0 = v4.0|Any CPU
		{5A8E9E1F-CE3B-4AA6-8803-62DDE2488014}.Debug|x86.ActiveCfg = v4.0|Any CPU
		{5A8E9E1F-CE3B-4AA6-8803-62DDE2488014}.Release|Any CPU.ActiveCfg = v4.0|Any CPU
		{5A8E9E1F-CE3B-4AA6-8803-62DDE2488014}.Release|Any CPU.Build.0 = v4.0|Any CPU
		{5A8E9E1F-CE3B-4AA6-8803-62DDE2488014}.Release|Mixed Platforms.ActiveCfg = v4.0|Any CPU
		{5A8E9E1F-CE3B-4AA6-8803-62DDE2488014}.Release|Mixed Platforms.Build.0 = v4.0|Any CPU
		{5A8E9E1F-CE3B-4AA6-8803-62DDE2488014}.Release|x86.ActiveCfg = v4.0|Any CPU
		{5A8E9E1F-CE3B-4AA6-8803-62DDE2488014}.v3.5|Any CPU.ActiveCfg = v3.5|Any CPU
		{5A8E9E1F-CE3B-4AA6-8803-62DDE2488014}.v3.5|Any CPU.Build.0 = v3.5|Any CPU
		{5A8E9E1F-CE3B-4AA6-8803-62DDE2488014}.v3.5|Mixed Platforms.ActiveCfg = v3.5|Any CPU
		{5A8E9E1F-CE3B-4AA6-8803-62DDE2488014}.v3.5|Mixed Platforms.Build.0 = v3.5|Any CPU
		{5A8E9E1F-CE3B-4AA6-8803-62DDE2488014}.v3.5|x86.ActiveCfg = v3.5|Any CPU
		{5A8E9E1F-CE3B-4AA6-8803-62DDE2488014}.v4.0|Any CPU.ActiveCfg = v4.0|Any CPU
		{5A8E9E1F-CE3B-4AA6-8803-62DDE2488014}.v4.0|Any CPU.Build.0 = v4.0|Any CPU
		{5A8E9E1F-CE3B-4AA6-8803-62DDE2488014}.v4.0|Mixed Platforms.ActiveCfg = v4.0|Any CPU
		{5A8E9E1F-CE3B-4AA6-8803-62DDE2488014}.v4.0|Mixed Platforms.Build.0 = v4.0|Any CPU
		{5A8E9E1F-CE3B-4AA6-8803-62DDE2488014}.v4.0|x86.ActiveCfg = v4.0|Any CPU
		{C49DE766-9028-4DC8-AB52-65507C87C079}.Debug|Any CPU.ActiveCfg = Debug|Any CPU
		{C49DE766-9028-4DC8-AB52-65507C87C079}.Debug|Any CPU.Build.0 = Debug|Any CPU
		{C49DE766-9028-4DC8-AB52-65507C87C079}.Debug|Mixed Platforms.ActiveCfg = Debug|Any CPU
		{C49DE766-9028-4DC8-AB52-65507C87C079}.Debug|Mixed Platforms.Build.0 = Debug|Any CPU
		{C49DE766-9028-4DC8-AB52-65507C87C079}.Debug|x86.ActiveCfg = Debug|Any CPU
		{C49DE766-9028-4DC8-AB52-65507C87C079}.Release|Any CPU.ActiveCfg = Release|Any CPU
		{C49DE766-9028-4DC8-AB52-65507C87C079}.Release|Any CPU.Build.0 = Release|Any CPU
		{C49DE766-9028-4DC8-AB52-65507C87C079}.Release|Mixed Platforms.ActiveCfg = Release|Any CPU
		{C49DE766-9028-4DC8-AB52-65507C87C079}.Release|Mixed Platforms.Build.0 = Release|Any CPU
		{C49DE766-9028-4DC8-AB52-65507C87C079}.Release|x86.ActiveCfg = Release|Any CPU
		{C49DE766-9028-4DC8-AB52-65507C87C079}.v3.5|Any CPU.ActiveCfg = Release|Any CPU
		{C49DE766-9028-4DC8-AB52-65507C87C079}.v3.5|Any CPU.Build.0 = Release|Any CPU
		{C49DE766-9028-4DC8-AB52-65507C87C079}.v3.5|Mixed Platforms.ActiveCfg = Release|Any CPU
		{C49DE766-9028-4DC8-AB52-65507C87C079}.v3.5|Mixed Platforms.Build.0 = Release|Any CPU
		{C49DE766-9028-4DC8-AB52-65507C87C079}.v3.5|x86.ActiveCfg = Release|Any CPU
		{C49DE766-9028-4DC8-AB52-65507C87C079}.v4.0|Any CPU.ActiveCfg = Release|Any CPU
		{C49DE766-9028-4DC8-AB52-65507C87C079}.v4.0|Any CPU.Build.0 = Release|Any CPU
		{C49DE766-9028-4DC8-AB52-65507C87C079}.v4.0|Mixed Platforms.ActiveCfg = Release|Any CPU
		{C49DE766-9028-4DC8-AB52-65507C87C079}.v4.0|Mixed Platforms.Build.0 = Release|Any CPU
		{C49DE766-9028-4DC8-AB52-65507C87C079}.v4.0|x86.ActiveCfg = Release|Any CPU
		{1D583CF5-0C12-4CB3-AD8C-E7922E1A1486}.Debug|Any CPU.ActiveCfg = v4.0|Any CPU
		{1D583CF5-0C12-4CB3-AD8C-E7922E1A1486}.Debug|Any CPU.Build.0 = v4.0|Any CPU
		{1D583CF5-0C12-4CB3-AD8C-E7922E1A1486}.Debug|Mixed Platforms.ActiveCfg = v4.0|Any CPU
		{1D583CF5-0C12-4CB3-AD8C-E7922E1A1486}.Debug|Mixed Platforms.Build.0 = v4.0|Any CPU
		{1D583CF5-0C12-4CB3-AD8C-E7922E1A1486}.Debug|x86.ActiveCfg = v4.0|Any CPU
		{1D583CF5-0C12-4CB3-AD8C-E7922E1A1486}.Release|Any CPU.ActiveCfg = v4.0|Any CPU
		{1D583CF5-0C12-4CB3-AD8C-E7922E1A1486}.Release|Any CPU.Build.0 = v4.0|Any CPU
		{1D583CF5-0C12-4CB3-AD8C-E7922E1A1486}.Release|Mixed Platforms.ActiveCfg = v4.0|Any CPU
		{1D583CF5-0C12-4CB3-AD8C-E7922E1A1486}.Release|Mixed Platforms.Build.0 = v4.0|Any CPU
		{1D583CF5-0C12-4CB3-AD8C-E7922E1A1486}.Release|x86.ActiveCfg = v4.0|Any CPU
		{1D583CF5-0C12-4CB3-AD8C-E7922E1A1486}.v3.5|Any CPU.ActiveCfg = v3.5|Any CPU
		{1D583CF5-0C12-4CB3-AD8C-E7922E1A1486}.v3.5|Any CPU.Build.0 = v3.5|Any CPU
		{1D583CF5-0C12-4CB3-AD8C-E7922E1A1486}.v3.5|Mixed Platforms.ActiveCfg = v3.5|Any CPU
		{1D583CF5-0C12-4CB3-AD8C-E7922E1A1486}.v3.5|Mixed Platforms.Build.0 = v3.5|Any CPU
		{1D583CF5-0C12-4CB3-AD8C-E7922E1A1486}.v3.5|x86.ActiveCfg = v3.5|Any CPU
		{1D583CF5-0C12-4CB3-AD8C-E7922E1A1486}.v4.0|Any CPU.ActiveCfg = v4.0|Any CPU
		{1D583CF5-0C12-4CB3-AD8C-E7922E1A1486}.v4.0|Any CPU.Build.0 = v4.0|Any CPU
		{1D583CF5-0C12-4CB3-AD8C-E7922E1A1486}.v4.0|Mixed Platforms.ActiveCfg = v4.0|Any CPU
		{1D583CF5-0C12-4CB3-AD8C-E7922E1A1486}.v4.0|Mixed Platforms.Build.0 = v4.0|Any CPU
		{1D583CF5-0C12-4CB3-AD8C-E7922E1A1486}.v4.0|x86.ActiveCfg = v4.0|Any CPU
		{5D654D2A-EFC8-4106-BF1C-7B674F841A5A}.Debug|Any CPU.ActiveCfg = v4.0|Any CPU
		{5D654D2A-EFC8-4106-BF1C-7B674F841A5A}.Debug|Any CPU.Build.0 = v4.0|Any CPU
		{5D654D2A-EFC8-4106-BF1C-7B674F841A5A}.Debug|Mixed Platforms.ActiveCfg = v4.0|Any CPU
		{5D654D2A-EFC8-4106-BF1C-7B674F841A5A}.Debug|Mixed Platforms.Build.0 = v4.0|Any CPU
		{5D654D2A-EFC8-4106-BF1C-7B674F841A5A}.Debug|x86.ActiveCfg = v4.0|Any CPU
		{5D654D2A-EFC8-4106-BF1C-7B674F841A5A}.Release|Any CPU.ActiveCfg = v4.0|Any CPU
		{5D654D2A-EFC8-4106-BF1C-7B674F841A5A}.Release|Any CPU.Build.0 = v4.0|Any CPU
		{5D654D2A-EFC8-4106-BF1C-7B674F841A5A}.Release|Mixed Platforms.ActiveCfg = v4.0|Any CPU
		{5D654D2A-EFC8-4106-BF1C-7B674F841A5A}.Release|Mixed Platforms.Build.0 = v4.0|Any CPU
		{5D654D2A-EFC8-4106-BF1C-7B674F841A5A}.Release|x86.ActiveCfg = v4.0|Any CPU
		{5D654D2A-EFC8-4106-BF1C-7B674F841A5A}.v3.5|Any CPU.ActiveCfg = v3.5|Any CPU
		{5D654D2A-EFC8-4106-BF1C-7B674F841A5A}.v3.5|Any CPU.Build.0 = v3.5|Any CPU
		{5D654D2A-EFC8-4106-BF1C-7B674F841A5A}.v3.5|Mixed Platforms.ActiveCfg = v3.5|Any CPU
		{5D654D2A-EFC8-4106-BF1C-7B674F841A5A}.v3.5|Mixed Platforms.Build.0 = v3.5|Any CPU
		{5D654D2A-EFC8-4106-BF1C-7B674F841A5A}.v3.5|x86.ActiveCfg = v3.5|Any CPU
		{5D654D2A-EFC8-4106-BF1C-7B674F841A5A}.v4.0|Any CPU.ActiveCfg = v4.0|Any CPU
		{5D654D2A-EFC8-4106-BF1C-7B674F841A5A}.v4.0|Any CPU.Build.0 = v4.0|Any CPU
		{5D654D2A-EFC8-4106-BF1C-7B674F841A5A}.v4.0|Mixed Platforms.ActiveCfg = v4.0|Any CPU
		{5D654D2A-EFC8-4106-BF1C-7B674F841A5A}.v4.0|Mixed Platforms.Build.0 = v4.0|Any CPU
		{5D654D2A-EFC8-4106-BF1C-7B674F841A5A}.v4.0|x86.ActiveCfg = v4.0|Any CPU
		{F98346E7-9E57-4732-8CBC-393E57DE8B13}.Debug|Any CPU.ActiveCfg = v4.0|Any CPU
		{F98346E7-9E57-4732-8CBC-393E57DE8B13}.Debug|Any CPU.Build.0 = v4.0|Any CPU
		{F98346E7-9E57-4732-8CBC-393E57DE8B13}.Debug|Mixed Platforms.ActiveCfg = v4.0|Any CPU
		{F98346E7-9E57-4732-8CBC-393E57DE8B13}.Debug|Mixed Platforms.Build.0 = v4.0|Any CPU
		{F98346E7-9E57-4732-8CBC-393E57DE8B13}.Debug|x86.ActiveCfg = v4.0|Any CPU
		{F98346E7-9E57-4732-8CBC-393E57DE8B13}.Release|Any CPU.ActiveCfg = v4.0|Any CPU
		{F98346E7-9E57-4732-8CBC-393E57DE8B13}.Release|Any CPU.Build.0 = v4.0|Any CPU
		{F98346E7-9E57-4732-8CBC-393E57DE8B13}.Release|Mixed Platforms.ActiveCfg = v4.0|Any CPU
		{F98346E7-9E57-4732-8CBC-393E57DE8B13}.Release|Mixed Platforms.Build.0 = v4.0|Any CPU
		{F98346E7-9E57-4732-8CBC-393E57DE8B13}.Release|x86.ActiveCfg = v4.0|Any CPU
		{F98346E7-9E57-4732-8CBC-393E57DE8B13}.v3.5|Any CPU.ActiveCfg = v3.5|Any CPU
		{F98346E7-9E57-4732-8CBC-393E57DE8B13}.v3.5|Any CPU.Build.0 = v3.5|Any CPU
		{F98346E7-9E57-4732-8CBC-393E57DE8B13}.v3.5|Mixed Platforms.ActiveCfg = v3.5|Any CPU
		{F98346E7-9E57-4732-8CBC-393E57DE8B13}.v3.5|Mixed Platforms.Build.0 = v3.5|Any CPU
		{F98346E7-9E57-4732-8CBC-393E57DE8B13}.v3.5|x86.ActiveCfg = v3.5|Any CPU
		{F98346E7-9E57-4732-8CBC-393E57DE8B13}.v4.0|Any CPU.ActiveCfg = v4.0|Any CPU
		{F98346E7-9E57-4732-8CBC-393E57DE8B13}.v4.0|Any CPU.Build.0 = v4.0|Any CPU
		{F98346E7-9E57-4732-8CBC-393E57DE8B13}.v4.0|Mixed Platforms.ActiveCfg = v4.0|Any CPU
		{F98346E7-9E57-4732-8CBC-393E57DE8B13}.v4.0|Mixed Platforms.Build.0 = v4.0|Any CPU
		{F98346E7-9E57-4732-8CBC-393E57DE8B13}.v4.0|x86.ActiveCfg = v4.0|Any CPU
		{EFB868E8-9EE3-4743-8F3E-3A646BCB6D2E}.Debug|Any CPU.ActiveCfg = v4.0|Any CPU
		{EFB868E8-9EE3-4743-8F3E-3A646BCB6D2E}.Debug|Any CPU.Build.0 = v4.0|Any CPU
		{EFB868E8-9EE3-4743-8F3E-3A646BCB6D2E}.Debug|Mixed Platforms.ActiveCfg = v4.0|Any CPU
		{EFB868E8-9EE3-4743-8F3E-3A646BCB6D2E}.Debug|Mixed Platforms.Build.0 = v4.0|Any CPU
		{EFB868E8-9EE3-4743-8F3E-3A646BCB6D2E}.Debug|x86.ActiveCfg = v4.0|Any CPU
		{EFB868E8-9EE3-4743-8F3E-3A646BCB6D2E}.Release|Any CPU.ActiveCfg = v4.0|Any CPU
		{EFB868E8-9EE3-4743-8F3E-3A646BCB6D2E}.Release|Any CPU.Build.0 = v4.0|Any CPU
		{EFB868E8-9EE3-4743-8F3E-3A646BCB6D2E}.Release|Mixed Platforms.ActiveCfg = v4.0|Any CPU
		{EFB868E8-9EE3-4743-8F3E-3A646BCB6D2E}.Release|Mixed Platforms.Build.0 = v4.0|Any CPU
		{EFB868E8-9EE3-4743-8F3E-3A646BCB6D2E}.Release|x86.ActiveCfg = v4.0|Any CPU
		{EFB868E8-9EE3-4743-8F3E-3A646BCB6D2E}.v3.5|Any CPU.ActiveCfg = v3.5|Any CPU
		{EFB868E8-9EE3-4743-8F3E-3A646BCB6D2E}.v3.5|Any CPU.Build.0 = v3.5|Any CPU
		{EFB868E8-9EE3-4743-8F3E-3A646BCB6D2E}.v3.5|Mixed Platforms.ActiveCfg = v3.5|Any CPU
		{EFB868E8-9EE3-4743-8F3E-3A646BCB6D2E}.v3.5|Mixed Platforms.Build.0 = v3.5|Any CPU
		{EFB868E8-9EE3-4743-8F3E-3A646BCB6D2E}.v3.5|x86.ActiveCfg = v3.5|Any CPU
		{EFB868E8-9EE3-4743-8F3E-3A646BCB6D2E}.v4.0|Any CPU.ActiveCfg = v4.0|Any CPU
		{EFB868E8-9EE3-4743-8F3E-3A646BCB6D2E}.v4.0|Any CPU.Build.0 = v4.0|Any CPU
		{EFB868E8-9EE3-4743-8F3E-3A646BCB6D2E}.v4.0|Mixed Platforms.ActiveCfg = v4.0|Any CPU
		{EFB868E8-9EE3-4743-8F3E-3A646BCB6D2E}.v4.0|Mixed Platforms.Build.0 = v4.0|Any CPU
		{EFB868E8-9EE3-4743-8F3E-3A646BCB6D2E}.v4.0|x86.ActiveCfg = v4.0|Any CPU
	EndGlobalSection
	GlobalSection(SolutionProperties) = preSolution
		HideSolutionNode = FALSE
	EndGlobalSection
	GlobalSection(NestedProjects) = preSolution
		{2AE12569-FBE9-4249-AEB4-496D1F96FFBA} = {784BBD3F-6D5B-4A2E-A51C-15F8E5599403}
		{AE8C0D6B-0A82-493F-8684-0DB9D3412AFD} = {784BBD3F-6D5B-4A2E-A51C-15F8E5599403}
		{6C986D10-2188-463B-BBD2-F0BB290F6780} = {784BBD3F-6D5B-4A2E-A51C-15F8E5599403}
		{5D654D2A-EFC8-4106-BF1C-7B674F841A5A} = {784BBD3F-6D5B-4A2E-A51C-15F8E5599403}
		{F98346E7-9E57-4732-8CBC-393E57DE8B13} = {784BBD3F-6D5B-4A2E-A51C-15F8E5599403}
		{7170C3A4-CD48-4D99-8048-E04AFA8BCA99} = {E3A371D2-E3B3-4D47-AF2A-E003E7EC9A89}
		{5A8E9E1F-CE3B-4AA6-8803-62DDE2488014} = {E3A371D2-E3B3-4D47-AF2A-E003E7EC9A89}
		{5A90FAC8-67DA-4823-B114-91F5A26B2FE9} = {3D92915D-EDA8-4B77-BE52-4BC2F18673C9}
		{ADCA3C62-FC3C-47D8-819C-123E1158ABC8} = {00B71120-0C6B-49B4-8790-4D2E94798E45}
		{AA74777B-DB40-4DCF-A69A-9DE5A6B2C380} = {00B71120-0C6B-49B4-8790-4D2E94798E45}
		{24586114-6564-468F-9D51-98360DFE1465} = {00B71120-0C6B-49B4-8790-4D2E94798E45}
		{C49DE766-9028-4DC8-AB52-65507C87C079} = {00B71120-0C6B-49B4-8790-4D2E94798E45}
		{9B1753AB-A527-47DD-A483-ADD70DE8651E} = {2B99DEF9-8D8A-4409-A0F0-E57FB5F38060}
		{496A42F8-9AFF-48F0-BEDD-7B302BF9A9A0} = {2B99DEF9-8D8A-4409-A0F0-E57FB5F38060}
		{A1DE343D-3DB9-4834-8323-CBB36D7DED48} = {2B99DEF9-8D8A-4409-A0F0-E57FB5F38060}
		{872605DE-E8EC-4D3D-8CEE-A62449A8DAEB} = {2B99DEF9-8D8A-4409-A0F0-E57FB5F38060}
		{23E5F7FB-D23B-4218-9059-E4454D48B9EF} = {2B99DEF9-8D8A-4409-A0F0-E57FB5F38060}
		{EFB868E8-9EE3-4743-8F3E-3A646BCB6D2E} = {2B99DEF9-8D8A-4409-A0F0-E57FB5F38060}
		{35DC6D7D-5A1B-40D4-92C0-E52DE2EB43ED} = {AA1BD5B2-9FE3-4DA2-81E7-8D55B2792987}
		{404DD50D-53EF-4680-B437-05D56736E2A8} = {255FDDA2-8658-437B-9427-F0717D14FDBA}
		{A1F2FDC1-1E72-4096-B18E-FD5CE8316D73} = {255FDDA2-8658-437B-9427-F0717D14FDBA}
	EndGlobalSection
EndGlobal
