
Microsoft Visual Studio Solution File, Format Version 10.00
# Visual Studio 2008
Project("{FAE04EC0-301F-11D3-BF4B-00C04F79EFBC}") = "HelloWorld", "HelloWorld\HelloWorld.csproj", "{FE8045FA-FF5D-45D9-99B1-B249F1A2E93D}"
EndProject
Project("{FAE04EC0-301F-11D3-BF4B-00C04F79EFBC}") = "JavaScriptAPI", "JavaScriptAPI\JavaScriptAPI.csproj", "{4D66925B-46FD-44D0-8454-E16AC58CFF94}"
EndProject
Project("{FAE04EC0-301F-11D3-BF4B-00C04F79EFBC}") = "HtmlAPI", "HtmlAPI\HtmlAPI.csproj", "{8A23B9B2-2945-40FC-8AA8-1A54E2105969}"
EndProject
Project("{FAE04EC0-301F-11D3-BF4B-00C04F79EFBC}") = "BrowserCompatibilityBuildWarnings", "BrowserCompatibilityBuildWarnings\BrowserCompatibilityBuildWarnings.csproj", "{3C5C1817-4E58-4457-B911-7BA810346881}"
EndProject
Global
	GlobalSection(SolutionConfigurationPlatforms) = preSolution
		Debug|Any CPU = Debug|Any CPU
		Release|Any CPU = Release|Any CPU
	EndGlobalSection
	GlobalSection(ProjectConfigurationPlatforms) = postSolution
		{FE8045FA-FF5D-45D9-99B1-B249F1A2E93D}.Debug|Any CPU.ActiveCfg = Debug|Any CPU
		{FE8045FA-FF5D-45D9-99B1-B249F1A2E93D}.Debug|Any CPU.Build.0 = Debug|Any CPU
		{FE8045FA-FF5D-45D9-99B1-B249F1A2E93D}.Release|Any CPU.ActiveCfg = Release|Any CPU
		{FE8045FA-FF5D-45D9-99B1-B249F1A2E93D}.Release|Any CPU.Build.0 = Release|Any CPU
		{4D66925B-46FD-44D0-8454-E16AC58CFF94}.Debug|Any CPU.ActiveCfg = Debug|Any CPU
		{4D66925B-46FD-44D0-8454-E16AC58CFF94}.Debug|Any CPU.Build.0 = Debug|Any CPU
		{4D66925B-46FD-44D0-8454-E16AC58CFF94}.Release|Any CPU.ActiveCfg = Release|Any CPU
		{4D66925B-46FD-44D0-8454-E16AC58CFF94}.Release|Any CPU.Build.0 = Release|Any CPU
		{8A23B9B2-2945-40FC-8AA8-1A54E2105969}.Debug|Any CPU.ActiveCfg = Debug|Any CPU
		{8A23B9B2-2945-40FC-8AA8-1A54E2105969}.Debug|Any CPU.Build.0 = Debug|Any CPU
		{8A23B9B2-2945-40FC-8AA8-1A54E2105969}.Release|Any CPU.ActiveCfg = Release|Any CPU
		{8A23B9B2-2945-40FC-8AA8-1A54E2105969}.Release|Any CPU.Build.0 = Release|Any CPU
		{3C5C1817-4E58-4457-B911-7BA810346881}.Debug|Any CPU.ActiveCfg = Debug|Any CPU
		{3C5C1817-4E58-4457-B911-7BA810346881}.Debug|Any CPU.Build.0 = Debug|Any CPU
		{3C5C1817-4E58-4457-B911-7BA810346881}.Release|Any CPU.ActiveCfg = Release|Any CPU
		{3C5C1817-4E58-4457-B911-7BA810346881}.Release|Any CPU.Build.0 = Release|Any CPU
	EndGlobalSection
	GlobalSection(SolutionProperties) = preSolution
		HideSolutionNode = FALSE
	EndGlobalSection
EndGlobal
