
Microsoft Visual Studio Solution File, Format Version 10.00
# Visual Studio 2008
Project("{FAE04EC0-301F-11D3-BF4B-00C04F79EFBC}") = "SharpKitSamples.GettingStarted", "SharpKitSamples.GettingStarted\SharpKitSamples.GettingStarted.csproj", "{EA8A2488-3F7B-4337-90AE-A775C23EFA2A}"
EndProject
Project("{FAE04EC0-301F-11D3-BF4B-00C04F79EFBC}") = "SharpKitSamples.BrowserCompatibility", "SharpKitSamples.BrowserCompatibility\SharpKitSamples.BrowserCompatibility.csproj", "{B06F050D-1B78-4EC0-89BC-62FA8FEF7513}"
EndProject
Project("{FAE04EC0-301F-11D3-BF4B-00C04F79EFBC}") = "SharpKitSamples.JavaScriptSyntax", "SharpKitSamples.JavaScriptSyntax\SharpKitSamples.JavaScriptSyntax.csproj", "{05A64605-02F7-4D3B-9459-6D3CC97DD723}"
EndProject
Project("{FAE04EC0-301F-11D3-BF4B-00C04F79EFBC}") = "SharpKitSamples.JavaScriptAPI", "SharpKitSamples.JavaScriptAPI\SharpKitSamples.JavaScriptAPI.csproj", "{F1DF12AD-4661-473A-A2D2-87773173C5E2}"
EndProject
Project("{FAE04EC0-301F-11D3-BF4B-00C04F79EFBC}") = "SharpKitSamples.HtmlAPI", "SharpKitSamples.HtmlAPI\SharpKitSamples.HtmlAPI.csproj", "{77FC88B7-9005-4250-BF1E-2BB2450379FB}"
EndProject
Global
	GlobalSection(SubversionScc) = preSolution
		Svn-Managed = True
		Manager = AnkhSVN - Subversion Support for Visual Studio
	EndGlobalSection
	GlobalSection(SolutionConfigurationPlatforms) = preSolution
		Debug|Any CPU = Debug|Any CPU
		Release|Any CPU = Release|Any CPU
	EndGlobalSection
	GlobalSection(ProjectConfigurationPlatforms) = postSolution
		{EA8A2488-3F7B-4337-90AE-A775C23EFA2A}.Debug|Any CPU.ActiveCfg = Debug|Any CPU
		{EA8A2488-3F7B-4337-90AE-A775C23EFA2A}.Debug|Any CPU.Build.0 = Debug|Any CPU
		{EA8A2488-3F7B-4337-90AE-A775C23EFA2A}.Release|Any CPU.ActiveCfg = Release|Any CPU
		{EA8A2488-3F7B-4337-90AE-A775C23EFA2A}.Release|Any CPU.Build.0 = Release|Any CPU
		{B06F050D-1B78-4EC0-89BC-62FA8FEF7513}.Debug|Any CPU.ActiveCfg = Debug|Any CPU
		{B06F050D-1B78-4EC0-89BC-62FA8FEF7513}.Debug|Any CPU.Build.0 = Debug|Any CPU
		{B06F050D-1B78-4EC0-89BC-62FA8FEF7513}.Release|Any CPU.ActiveCfg = Release|Any CPU
		{B06F050D-1B78-4EC0-89BC-62FA8FEF7513}.Release|Any CPU.Build.0 = Release|Any CPU
		{05A64605-02F7-4D3B-9459-6D3CC97DD723}.Debug|Any CPU.ActiveCfg = Debug|Any CPU
		{05A64605-02F7-4D3B-9459-6D3CC97DD723}.Debug|Any CPU.Build.0 = Debug|Any CPU
		{05A64605-02F7-4D3B-9459-6D3CC97DD723}.Release|Any CPU.ActiveCfg = Release|Any CPU
		{05A64605-02F7-4D3B-9459-6D3CC97DD723}.Release|Any CPU.Build.0 = Release|Any CPU
		{F1DF12AD-4661-473A-A2D2-87773173C5E2}.Debug|Any CPU.ActiveCfg = Debug|Any CPU
		{F1DF12AD-4661-473A-A2D2-87773173C5E2}.Debug|Any CPU.Build.0 = Debug|Any CPU
		{F1DF12AD-4661-473A-A2D2-87773173C5E2}.Release|Any CPU.ActiveCfg = Release|Any CPU
		{F1DF12AD-4661-473A-A2D2-87773173C5E2}.Release|Any CPU.Build.0 = Release|Any CPU
		{77FC88B7-9005-4250-BF1E-2BB2450379FB}.Debug|Any CPU.ActiveCfg = Debug|Any CPU
		{77FC88B7-9005-4250-BF1E-2BB2450379FB}.Debug|Any CPU.Build.0 = Debug|Any CPU
		{77FC88B7-9005-4250-BF1E-2BB2450379FB}.Release|Any CPU.ActiveCfg = Release|Any CPU
		{77FC88B7-9005-4250-BF1E-2BB2450379FB}.Release|Any CPU.Build.0 = Release|Any CPU
	EndGlobalSection
	GlobalSection(SolutionProperties) = preSolution
		HideSolutionNode = FALSE
	EndGlobalSection
EndGlobal
