
Microsoft Visual Studio Solution File, Format Version 10.00
# Visual Studio 2008
Project("{FAE04EC0-301F-11D3-BF4B-00C04F79EFBC}") = "HelloWorld", "SharpKit.BrowserModel.Samples\HelloWorld\HelloWorld.csproj", "{FE8045FA-FF5D-45D9-99B1-B249F1A2E93D}"
EndProject
Project("{FAE04EC0-301F-11D3-BF4B-00C04F79EFBC}") = "JavaScriptAPI", "SharpKit.BrowserModel.Samples\JavaScriptAPI\JavaScriptAPI.csproj", "{4D66925B-46FD-44D0-8454-E16AC58CFF94}"
EndProject
Project("{FAE04EC0-301F-11D3-BF4B-00C04F79EFBC}") = "JavaScriptSyntax", "SharpKit.BrowserModel.Samples\JavaScriptSyntax\JavaScriptSyntax.csproj", "{798BFA23-3DEE-419E-B0AA-0F12D0B15233}"
EndProject
Project("{FAE04EC0-301F-11D3-BF4B-00C04F79EFBC}") = "HtmlAPI", "SharpKit.BrowserModel.Samples\HtmlAPI\HtmlAPI.csproj", "{8A23B9B2-2945-40FC-8AA8-1A54E2105969}"
EndProject
Project("{FAE04EC0-301F-11D3-BF4B-00C04F79EFBC}") = "BrowserCompatibilityBuildWarnings", "SharpKit.BrowserModel.Samples\BrowserCompatibilityBuildWarnings\BrowserCompatibilityBuildWarnings.csproj", "{3C5C1817-4E58-4457-B911-7BA810346881}"
EndProject
Project("{2150E333-8FDC-42A3-9474-1A3956D46DE8}") = "SharpKit.BrowserModel", "SharpKit.BrowserModel", "{404F7B82-4CF7-486D-B45E-5902470EC7B1}"
EndProject
Project("{FAE04EC0-301F-11D3-BF4B-00C04F79EFBC}") = "HelloWorld", "SharpKit.Web.Samples\HelloWorld\HelloWorld.csproj", "{90F1D423-EC94-452E-BD65-DF97B51DA8E7}"
EndProject
Project("{2150E333-8FDC-42A3-9474-1A3956D46DE8}") = "SharpKit.Web", "SharpKit.Web", "{20EB8210-5EF7-42EB-B4D0-16C4C91BD498}"
EndProject
Project("{2150E333-8FDC-42A3-9474-1A3956D46DE8}") = "SharpKit.jQuery", "SharpKit.jQuery", "{26132591-B531-4366-BFFE-53B9207438B5}"
EndProject
Project("{FAE04EC0-301F-11D3-BF4B-00C04F79EFBC}") = "HelloWorld", "SharpKit.jQuery.Samples\HelloWorld\HelloWorld.csproj", "{4EBDB240-C473-42B4-9191-4B71F84BA176}"
EndProject
Project("{2150E333-8FDC-42A3-9474-1A3956D46DE8}") = "SharpKit.jQuery.UI", "SharpKit.jQuery.UI", "{BACAEA3D-6BBE-4129-B8AD-17396BB02560}"
EndProject
Project("{FAE04EC0-301F-11D3-BF4B-00C04F79EFBC}") = "HelloWorld", "SharpKit.jQuery.UI.Samples\HelloWorld\HelloWorld.csproj", "{AE38DEE5-A521-4511-B646-12D3933EEE6B}"
EndProject
Project("{FAE04EC0-301F-11D3-BF4B-00C04F79EFBC}") = "Controls", "SharpKit.jQuery.UI.Samples\Controls\Controls.csproj", "{0CC93EE0-6AE2-48A9-B9F8-010F44FE9C5E}"
EndProject
Project("{2150E333-8FDC-42A3-9474-1A3956D46DE8}") = "SharpKit.Web.UI", "SharpKit.Web.UI", "{37EF87BC-5719-41AA-8D62-6E81EE8CA32E}"
EndProject
Project("{FAE04EC0-301F-11D3-BF4B-00C04F79EFBC}") = "HelloWorld", "SharpKit.Web.UI.Samples\HelloWorld\HelloWorld.csproj", "{731E1ED1-9C89-4E69-8082-12A4B4D818DB}"
EndProject
Project("{2150E333-8FDC-42A3-9474-1A3956D46DE8}") = "SharpKit.ExtJS", "SharpKit.ExtJS", "{02383341-F7E6-4425-92F8-DC6661A0421E}"
EndProject
Project("{FAE04EC0-301F-11D3-BF4B-00C04F79EFBC}") = "HelloWorld", "SharpKit.ExtJS.Samples\HelloWorld\HelloWorld.csproj", "{429BC4C9-9822-45F5-B06E-F3CC0FB00A73}"
EndProject
Project("{FAE04EC0-301F-11D3-BF4B-00C04F79EFBC}") = "Controls_grid", "SharpKit.ExtJS.Samples\Controls_grid\Controls_grid.csproj", "{66568133-F17E-4665-8F84-ECEE82CCF28C}"
EndProject
Project("{FAE04EC0-301F-11D3-BF4B-00C04F79EFBC}") = "Controls_window", "SharpKit.ExtJS.Samples\Controls_window\Controls_window.csproj", "{0B0CAEFC-00D7-46C3-9FE9-DF975FFF7542}"
EndProject
Project("{2150E333-8FDC-42A3-9474-1A3956D46DE8}") = "SharpKit.AspNetAjax", "SharpKit.AspNetAjax", "{014E5286-857B-44F7-B871-5A1B817B64A4}"
EndProject
Project("{FAE04EC0-301F-11D3-BF4B-00C04F79EFBC}") = "HelloWorld", "SharpKit.AspNetAjax.Samples\HelloWorld\HelloWorld.csproj", "{42232B20-64D2-4D7E-9865-735A7D6302ED}"
EndProject
Project("{FAE04EC0-301F-11D3-BF4B-00C04F79EFBC}") = "WebService_Simple", "SharpKit.AspNetAjax.Samples\WebService_Simple\WebService_Simple.csproj", "{B5C27CCC-972D-4E0F-8B86-F3F5761370D6}"
EndProject
Project("{FAE04EC0-301F-11D3-BF4B-00C04F79EFBC}") = "WebService_Connected", "SharpKit.AspNetAjax.Samples\WebService_Connected\WebService_Connected.csproj", "{D8236D6E-6D18-40EC-B4B4-FE0541332405}"
EndProject
Project("{FAE04EC0-301F-11D3-BF4B-00C04F79EFBC}") = "DotNetAPI", "SharpKit.Web.Samples\DotNetAPI\DotNetAPI.csproj", "{9516CA7D-31DB-46D8-8D46-116A4DED3BAA}"
EndProject
Global
	GlobalSection(SubversionScc) = preSolution
		Svn-Managed = True
		Manager = AnkhSVN - Subversion Support for Visual Studio
	EndGlobalSection
	GlobalSection(SolutionConfigurationPlatforms) = preSolution
		Debug|Any CPU = Debug|Any CPU
		Release|Any CPU = Release|Any CPU
	EndGlobalSection
	GlobalSection(ProjectConfigurationPlatforms) = postSolution
		{FE8045FA-FF5D-45D9-99B1-B249F1A2E93D}.Debug|Any CPU.ActiveCfg = Debug|Any CPU
		{FE8045FA-FF5D-45D9-99B1-B249F1A2E93D}.Debug|Any CPU.Build.0 = Debug|Any CPU
		{FE8045FA-FF5D-45D9-99B1-B249F1A2E93D}.Release|Any CPU.ActiveCfg = Release|Any CPU
		{FE8045FA-FF5D-45D9-99B1-B249F1A2E93D}.Release|Any CPU.Build.0 = Release|Any CPU
		{4D66925B-46FD-44D0-8454-E16AC58CFF94}.Debug|Any CPU.ActiveCfg = Debug|Any CPU
		{4D66925B-46FD-44D0-8454-E16AC58CFF94}.Debug|Any CPU.Build.0 = Debug|Any CPU
		{4D66925B-46FD-44D0-8454-E16AC58CFF94}.Release|Any CPU.ActiveCfg = Release|Any CPU
		{4D66925B-46FD-44D0-8454-E16AC58CFF94}.Release|Any CPU.Build.0 = Release|Any CPU
		{798BFA23-3DEE-419E-B0AA-0F12D0B15233}.Debug|Any CPU.ActiveCfg = Debug|Any CPU
		{798BFA23-3DEE-419E-B0AA-0F12D0B15233}.Debug|Any CPU.Build.0 = Debug|Any CPU
		{798BFA23-3DEE-419E-B0AA-0F12D0B15233}.Release|Any CPU.ActiveCfg = Release|Any CPU
		{798BFA23-3DEE-419E-B0AA-0F12D0B15233}.Release|Any CPU.Build.0 = Release|Any CPU
		{8A23B9B2-2945-40FC-8AA8-1A54E2105969}.Debug|Any CPU.ActiveCfg = Debug|Any CPU
		{8A23B9B2-2945-40FC-8AA8-1A54E2105969}.Debug|Any CPU.Build.0 = Debug|Any CPU
		{8A23B9B2-2945-40FC-8AA8-1A54E2105969}.Release|Any CPU.ActiveCfg = Release|Any CPU
		{8A23B9B2-2945-40FC-8AA8-1A54E2105969}.Release|Any CPU.Build.0 = Release|Any CPU
		{3C5C1817-4E58-4457-B911-7BA810346881}.Debug|Any CPU.ActiveCfg = Debug|Any CPU
		{3C5C1817-4E58-4457-B911-7BA810346881}.Debug|Any CPU.Build.0 = Debug|Any CPU
		{3C5C1817-4E58-4457-B911-7BA810346881}.Release|Any CPU.ActiveCfg = Release|Any CPU
		{3C5C1817-4E58-4457-B911-7BA810346881}.Release|Any CPU.Build.0 = Release|Any CPU
		{90F1D423-EC94-452E-BD65-DF97B51DA8E7}.Debug|Any CPU.ActiveCfg = Debug|Any CPU
		{90F1D423-EC94-452E-BD65-DF97B51DA8E7}.Debug|Any CPU.Build.0 = Debug|Any CPU
		{90F1D423-EC94-452E-BD65-DF97B51DA8E7}.Release|Any CPU.ActiveCfg = Release|Any CPU
		{90F1D423-EC94-452E-BD65-DF97B51DA8E7}.Release|Any CPU.Build.0 = Release|Any CPU
		{4EBDB240-C473-42B4-9191-4B71F84BA176}.Debug|Any CPU.ActiveCfg = Debug|Any CPU
		{4EBDB240-C473-42B4-9191-4B71F84BA176}.Debug|Any CPU.Build.0 = Debug|Any CPU
		{4EBDB240-C473-42B4-9191-4B71F84BA176}.Release|Any CPU.ActiveCfg = Release|Any CPU
		{4EBDB240-C473-42B4-9191-4B71F84BA176}.Release|Any CPU.Build.0 = Release|Any CPU
		{AE38DEE5-A521-4511-B646-12D3933EEE6B}.Debug|Any CPU.ActiveCfg = Debug|Any CPU
		{AE38DEE5-A521-4511-B646-12D3933EEE6B}.Debug|Any CPU.Build.0 = Debug|Any CPU
		{AE38DEE5-A521-4511-B646-12D3933EEE6B}.Release|Any CPU.ActiveCfg = Release|Any CPU
		{AE38DEE5-A521-4511-B646-12D3933EEE6B}.Release|Any CPU.Build.0 = Release|Any CPU
		{0CC93EE0-6AE2-48A9-B9F8-010F44FE9C5E}.Debug|Any CPU.ActiveCfg = Debug|Any CPU
		{0CC93EE0-6AE2-48A9-B9F8-010F44FE9C5E}.Debug|Any CPU.Build.0 = Debug|Any CPU
		{0CC93EE0-6AE2-48A9-B9F8-010F44FE9C5E}.Release|Any CPU.ActiveCfg = Release|Any CPU
		{0CC93EE0-6AE2-48A9-B9F8-010F44FE9C5E}.Release|Any CPU.Build.0 = Release|Any CPU
		{731E1ED1-9C89-4E69-8082-12A4B4D818DB}.Debug|Any CPU.ActiveCfg = Debug|Any CPU
		{731E1ED1-9C89-4E69-8082-12A4B4D818DB}.Debug|Any CPU.Build.0 = Debug|Any CPU
		{731E1ED1-9C89-4E69-8082-12A4B4D818DB}.Release|Any CPU.ActiveCfg = Release|Any CPU
		{731E1ED1-9C89-4E69-8082-12A4B4D818DB}.Release|Any CPU.Build.0 = Release|Any CPU
		{429BC4C9-9822-45F5-B06E-F3CC0FB00A73}.Debug|Any CPU.ActiveCfg = Debug|Any CPU
		{429BC4C9-9822-45F5-B06E-F3CC0FB00A73}.Debug|Any CPU.Build.0 = Debug|Any CPU
		{429BC4C9-9822-45F5-B06E-F3CC0FB00A73}.Release|Any CPU.ActiveCfg = Release|Any CPU
		{429BC4C9-9822-45F5-B06E-F3CC0FB00A73}.Release|Any CPU.Build.0 = Release|Any CPU
		{66568133-F17E-4665-8F84-ECEE82CCF28C}.Debug|Any CPU.ActiveCfg = Debug|Any CPU
		{66568133-F17E-4665-8F84-ECEE82CCF28C}.Debug|Any CPU.Build.0 = Debug|Any CPU
		{66568133-F17E-4665-8F84-ECEE82CCF28C}.Release|Any CPU.ActiveCfg = Release|Any CPU
		{66568133-F17E-4665-8F84-ECEE82CCF28C}.Release|Any CPU.Build.0 = Release|Any CPU
		{0B0CAEFC-00D7-46C3-9FE9-DF975FFF7542}.Debug|Any CPU.ActiveCfg = Debug|Any CPU
		{0B0CAEFC-00D7-46C3-9FE9-DF975FFF7542}.Debug|Any CPU.Build.0 = Debug|Any CPU
		{0B0CAEFC-00D7-46C3-9FE9-DF975FFF7542}.Release|Any CPU.ActiveCfg = Release|Any CPU
		{0B0CAEFC-00D7-46C3-9FE9-DF975FFF7542}.Release|Any CPU.Build.0 = Release|Any CPU
		{42232B20-64D2-4D7E-9865-735A7D6302ED}.Debug|Any CPU.ActiveCfg = Debug|Any CPU
		{42232B20-64D2-4D7E-9865-735A7D6302ED}.Debug|Any CPU.Build.0 = Debug|Any CPU
		{42232B20-64D2-4D7E-9865-735A7D6302ED}.Release|Any CPU.ActiveCfg = Release|Any CPU
		{42232B20-64D2-4D7E-9865-735A7D6302ED}.Release|Any CPU.Build.0 = Release|Any CPU
		{B5C27CCC-972D-4E0F-8B86-F3F5761370D6}.Debug|Any CPU.ActiveCfg = Debug|Any CPU
		{B5C27CCC-972D-4E0F-8B86-F3F5761370D6}.Debug|Any CPU.Build.0 = Debug|Any CPU
		{B5C27CCC-972D-4E0F-8B86-F3F5761370D6}.Release|Any CPU.ActiveCfg = Release|Any CPU
		{B5C27CCC-972D-4E0F-8B86-F3F5761370D6}.Release|Any CPU.Build.0 = Release|Any CPU
		{D8236D6E-6D18-40EC-B4B4-FE0541332405}.Debug|Any CPU.ActiveCfg = Debug|Any CPU
		{D8236D6E-6D18-40EC-B4B4-FE0541332405}.Debug|Any CPU.Build.0 = Debug|Any CPU
		{D8236D6E-6D18-40EC-B4B4-FE0541332405}.Release|Any CPU.ActiveCfg = Release|Any CPU
		{D8236D6E-6D18-40EC-B4B4-FE0541332405}.Release|Any CPU.Build.0 = Release|Any CPU
		{9516CA7D-31DB-46D8-8D46-116A4DED3BAA}.Debug|Any CPU.ActiveCfg = Debug|Any CPU
		{9516CA7D-31DB-46D8-8D46-116A4DED3BAA}.Debug|Any CPU.Build.0 = Debug|Any CPU
		{9516CA7D-31DB-46D8-8D46-116A4DED3BAA}.Release|Any CPU.ActiveCfg = Release|Any CPU
		{9516CA7D-31DB-46D8-8D46-116A4DED3BAA}.Release|Any CPU.Build.0 = Release|Any CPU
	EndGlobalSection
	GlobalSection(SolutionProperties) = preSolution
		HideSolutionNode = FALSE
	EndGlobalSection
	GlobalSection(NestedProjects) = preSolution
		{4D66925B-46FD-44D0-8454-E16AC58CFF94} = {404F7B82-4CF7-486D-B45E-5902470EC7B1}
		{798BFA23-3DEE-419E-B0AA-0F12D0B15233} = {404F7B82-4CF7-486D-B45E-5902470EC7B1}
		{8A23B9B2-2945-40FC-8AA8-1A54E2105969} = {404F7B82-4CF7-486D-B45E-5902470EC7B1}
		{3C5C1817-4E58-4457-B911-7BA810346881} = {404F7B82-4CF7-486D-B45E-5902470EC7B1}
		{FE8045FA-FF5D-45D9-99B1-B249F1A2E93D} = {404F7B82-4CF7-486D-B45E-5902470EC7B1}
		{90F1D423-EC94-452E-BD65-DF97B51DA8E7} = {20EB8210-5EF7-42EB-B4D0-16C4C91BD498}
		{9516CA7D-31DB-46D8-8D46-116A4DED3BAA} = {20EB8210-5EF7-42EB-B4D0-16C4C91BD498}
		{4EBDB240-C473-42B4-9191-4B71F84BA176} = {26132591-B531-4366-BFFE-53B9207438B5}
		{AE38DEE5-A521-4511-B646-12D3933EEE6B} = {BACAEA3D-6BBE-4129-B8AD-17396BB02560}
		{0CC93EE0-6AE2-48A9-B9F8-010F44FE9C5E} = {BACAEA3D-6BBE-4129-B8AD-17396BB02560}
		{731E1ED1-9C89-4E69-8082-12A4B4D818DB} = {37EF87BC-5719-41AA-8D62-6E81EE8CA32E}
		{429BC4C9-9822-45F5-B06E-F3CC0FB00A73} = {02383341-F7E6-4425-92F8-DC6661A0421E}
		{66568133-F17E-4665-8F84-ECEE82CCF28C} = {02383341-F7E6-4425-92F8-DC6661A0421E}
		{0B0CAEFC-00D7-46C3-9FE9-DF975FFF7542} = {02383341-F7E6-4425-92F8-DC6661A0421E}
		{42232B20-64D2-4D7E-9865-735A7D6302ED} = {014E5286-857B-44F7-B871-5A1B817B64A4}
		{B5C27CCC-972D-4E0F-8B86-F3F5761370D6} = {014E5286-857B-44F7-B871-5A1B817B64A4}
		{D8236D6E-6D18-40EC-B4B4-FE0541332405} = {014E5286-857B-44F7-B871-5A1B817B64A4}
	EndGlobalSection
EndGlobal
